{
  "version": 4,
  "terraform_version": "1.12.2",
  "serial": 183,
  "lineage": "253edc55-c5cd-0b9d-db94-0ec78ced7d9f",
  "outputs": {
    "eks_cluster_arn": {
      "value": "arn:aws:eks:eu-central-1:834076182408:cluster/madeinworld-dev-cluster",
      "type": "string"
    },
    "eks_cluster_certificate_authority_data": {
      "value": "LS0tLS1CRUdJTiBDRVJUSUZJQ0FURS0tLS0tCk1JSURCVENDQWUyZ0F3SUJBZ0lJY2hqSEg1TTlIZW93RFFZSktvWklodmNOQVFFTEJRQXdGVEVUTUJFR0ExVUUKQXhNS2EzVmlaWEp1WlhSbGN6QWVGdzB5TlRBMk1qRXhPVE14TXpSYUZ3MHpOVEEyTVRreE9UTTJNelJhTUJVeApFekFSQmdOVkJBTVRDbXQxWW1WeWJtVjBaWE13Z2dFaU1BMEdDU3FHU0liM0RRRUJBUVVBQTRJQkR3QXdnZ0VLCkFvSUJBUURNcGpBZFBUbVovbmRtUHFNak04UC9hbEZaeDhUZEVUVDB3LzZiTWU5ZWpmdG1FYkYvazNJcEw3VSsKeUJOaGNUQUVnRzlXZ2t5Yko1b1MxVmJYcExlanFscWVVZEdVNCtjYWdKOFU4V0dMNGpUOGd3b1BRdWdKTG9WbApicGVSd1RPNzEvTm1PWjJ4OHZtQ04wWXNBUnFPcjkxVDNqb2tNSVorbHAzRVh6WkliTjN0ayt1NDRiODYvQ0x1CkhCMXdGZWovQkZUZ0Nrekx6Y2g5Nld3SVI3bFNiOWtHa2NGWXVHQTExbk43NmVYVXBHbWc1SG5La1htZXpXbEIKbUl0QlhLZE9TT1lBeCtySi95NFkvQ0RRNDNDZlVPYmhoRjhxU1g3SDFmaGtiU2thWjBzamhINTZKZlkzOThQUApGMFpOWTZxSSs4ZmFpeHg3MjRpYktvR2tpa0paQWdNQkFBR2pXVEJYTUE0R0ExVWREd0VCL3dRRUF3SUNwREFQCkJnTlZIUk1CQWY4RUJUQURBUUgvTUIwR0ExVWREZ1FXQkJUQ2tpV3hpM0ZWK2dUak4rciszUTZGUXJXbEVUQVYKQmdOVkhSRUVEakFNZ2dwcmRXSmxjbTVsZEdWek1BMEdDU3FHU0liM0RRRUJDd1VBQTRJQkFRQzNTVTJFbnJiTApQdTZQeFEyL3ErU2I5NjhiZ1N0V2hUckgxWDZUQnQ4Z2w4ZnFYSis0TEd3Y1BxbWVEcjkwbVNlZHVYUWQrSnBZCjFGQ3g0OE5jaDNkWUphMDUrY0FBRTBIWjhteCs5amFPWGlYOVRITlBFUVQya0o4eWxwRTdaZzBrb2hVS1o5RGoKNlpxZS85RnQ4TVVOMlg4ZWxKV3JpSHV1WE5hY3pHYUxaQzlKQXdZSHRaNkdhRjhScGZIWEdqbHZJeDd6TDN6Rgp1aEhyc29USkMxblFMUUFvL2c3UHhnVWxSaXJ6eG1GRUVLYlZZb2w0NytKOEV4bVJlQ0RzVDhFTmM0NHR4SWtJClhlNGxObC9pc1RuVDhGVTZMUHUvd1NHY0JqeUc1WFo2b1NOWisxUlVOeEhSZHB0SjVGU2FHTm1FaEZhWm1NczgKY0Z6eXhBenRwL0cxCi0tLS0tRU5EIENFUlRJRklDQVRFLS0tLS0K",
      "type": "string"
    },
    "eks_cluster_endpoint": {
      "value": "https://837F5F9967A70EFFCA96F9A66EDAB799.gr7.eu-central-1.eks.amazonaws.com",
      "type": "string"
    },
    "eks_cluster_iam_role_arn": {
      "value": "arn:aws:iam::834076182408:role/madeinworld-dev-eks-cluster-role",
      "type": "string"
    },
    "eks_cluster_iam_role_name": {
      "value": "madeinworld-dev-eks-cluster-role",
      "type": "string"
    },
    "eks_cluster_id": {
      "value": "madeinworld-dev-cluster",
      "type": "string"
    },
    "eks_cluster_security_group_id": {
      "value": "sg-0d82b6efd9648df65",
      "type": "string"
    },
    "eks_cluster_version": {
      "value": "1.32",
      "type": "string"
    },
    "eks_node_group_arn": {
      "value": "arn:aws:eks:eu-central-1:834076182408:nodegroup/madeinworld-dev-cluster/madeinworld-dev-node-group/4ccbca00-af09-5a98-b396-5d0ec259e991",
      "type": "string"
    },
    "eks_node_group_status": {
      "value": "ACTIVE",
      "type": "string"
    },
    "eks_nodes_security_group_id": {
      "value": "sg-007dbc5e79d9b98e3",
      "type": "string"
    },
    "environment": {
      "value": "dev",
      "type": "string"
    },
    "internet_gateway_id": {
      "value": "igw-0e22028b1b8b394c9",
      "type": "string"
    },
    "nat_gateway_ids": {
      "value": [
        "nat-0f12864809779d5e1",
        "nat-0752bd0bc76a79c1d"
      ],
      "type": [
        "tuple",
        [
          "string",
          "string"
        ]
      ]
    },
    "private_subnet_ids": {
      "value": [
        "subnet-09f71045be165bf26",
        "subnet-00b032dff02cbefaf"
      ],
      "type": [
        "tuple",
        [
          "string",
          "string"
        ]
      ]
    },
    "project_name": {
      "value": "madeinworld",
      "type": "string"
    },
    "public_subnet_ids": {
      "value": [
        "subnet-0ccdcfd4c0f22a032",
        "subnet-048d8ab46a9770520"
      ],
      "type": [
        "tuple",
        [
          "string",
          "string"
        ]
      ]
    },
    "rds_database_name": {
      "value": "madeinworld_db",
      "type": "string"
    },
    "rds_endpoint": {
      "value": "madeinworld-dev-db.c52e4w2moi2w.eu-central-1.rds.amazonaws.com:5432",
      "type": "string",
      "sensitive": true
    },
    "rds_port": {
      "value": 5432,
      "type": "number"
    },
    "rds_security_group_id": {
      "value": "sg-0a1ff866767a3f22c",
      "type": "string"
    },
    "rds_username": {
      "value": "madeinworld_admin",
      "type": "string",
      "sensitive": true
    },
    "region": {
      "value": "eu-central-1",
      "type": "string"
    },
    "vpc_cidr_block": {
      "value": "10.0.0.0/16",
      "type": "string"
    },
    "vpc_id": {
      "value": "vpc-07460b6564bffec4d",
      "type": "string"
    }
  },
  "resources": [
    {
      "mode": "data",
      "type": "aws_availability_zones",
      "name": "available",
      "provider": "provider[\"registry.terraform.io/hashicorp/aws\"]",
      "instances": [
        {
          "schema_version": 0,
          "attributes": {
            "all_availability_zones": null,
            "exclude_names": null,
            "exclude_zone_ids": null,
            "filter": null,
            "group_names": [
              "eu-central-1-zg-1"
            ],
            "id": "eu-central-1",
            "names": [
              "eu-central-1a",
              "eu-central-1b",
              "eu-central-1c"
            ],
            "state": "available",
            "timeouts": null,
            "zone_ids": [
              "euc1-az2",
              "euc1-az3",
              "euc1-az1"
            ]
          },
          "sensitive_attributes": [],
          "identity_schema_version": 0
        }
      ]
    },
    {
      "mode": "data",
      "type": "aws_secretsmanager_secret",
      "name": "db_password",
      "provider": "provider[\"registry.terraform.io/hashicorp/aws\"]",
      "instances": [
        {
          "schema_version": 0,
          "attributes": {
            "arn": "arn:aws:secretsmanager:eu-central-1:834076182408:secret:madeinworld-db-password-uyzsT6",
            "created_date": "2025-06-21T19:16:50Z",
            "description": "",
            "id": "arn:aws:secretsmanager:eu-central-1:834076182408:secret:madeinworld-db-password-uyzsT6",
            "kms_key_id": "",
            "last_changed_date": "2025-06-21T19:16:50Z",
            "name": "madeinworld-db-password",
            "policy": "",
            "tags": {}
          },
          "sensitive_attributes": [],
          "identity_schema_version": 0
        }
      ]
    },
    {
      "mode": "data",
      "type": "aws_secretsmanager_secret_version",
      "name": "db_password",
      "provider": "provider[\"registry.terraform.io/hashicorp/aws\"]",
      "instances": [
        {
          "schema_version": 0,
          "attributes": {
            "arn": "arn:aws:secretsmanager:eu-central-1:834076182408:secret:madeinworld-db-password-uyzsT6",
            "created_date": "2025-06-21T19:16:50Z",
            "id": "arn:aws:secretsmanager:eu-central-1:834076182408:secret:madeinworld-db-password-uyzsT6|AWSCURRENT",
            "secret_binary": "",
            "secret_id": "arn:aws:secretsmanager:eu-central-1:834076182408:secret:madeinworld-db-password-uyzsT6",
            "secret_string": "{\"password\":\"MadeInWorldsss2005!?\"}",
            "version_id": "ef2f8538-232c-4f27-b941-76feb73f3ee2",
            "version_stage": "AWSCURRENT",
            "version_stages": [
              "AWSCURRENT"
            ]
          },
          "sensitive_attributes": [
            [
              {
                "type": "get_attr",
                "value": "secret_binary"
              }
            ],
            [
              {
                "type": "get_attr",
                "value": "secret_string"
              }
            ]
          ],
          "identity_schema_version": 0
        }
      ]
    },
    {
      "mode": "managed",
      "type": "aws_db_instance",
      "name": "main",
      "provider": "provider[\"registry.terraform.io/hashicorp/aws\"]",
      "instances": [
        {
          "schema_version": 2,
          "attributes": {
            "address": "madeinworld-dev-db.c52e4w2moi2w.eu-central-1.rds.amazonaws.com",
            "allocated_storage": 20,
            "allow_major_version_upgrade": null,
            "apply_immediately": false,
            "arn": "arn:aws:rds:eu-central-1:834076182408:db:madeinworld-dev-db",
            "auto_minor_version_upgrade": true,
            "availability_zone": "eu-central-1a",
            "backup_retention_period": 7,
            "backup_target": "region",
            "backup_window": "03:00-04:00",
            "blue_green_update": [],
            "ca_cert_identifier": "rds-ca-rsa2048-g1",
            "character_set_name": "",
            "copy_tags_to_snapshot": false,
            "custom_iam_instance_profile": "",
            "customer_owned_ip_enabled": false,
            "database_insights_mode": "standard",
            "db_name": "madeinworld_db",
            "db_subnet_group_name": "madeinworld-dev-db-subnet-group",
            "dedicated_log_volume": false,
            "delete_automated_backups": true,
            "deletion_protection": false,
            "domain": "",
            "domain_auth_secret_arn": "",
            "domain_dns_ips": [],
            "domain_fqdn": "",
            "domain_iam_role_name": "",
            "domain_ou": "",
            "enabled_cloudwatch_logs_exports": [],
            "endpoint": "madeinworld-dev-db.c52e4w2moi2w.eu-central-1.rds.amazonaws.com:5432",
            "engine": "postgres",
            "engine_lifecycle_support": "open-source-rds-extended-support",
            "engine_version": "16.9",
            "engine_version_actual": "16.9",
            "final_snapshot_identifier": null,
            "hosted_zone_id": "Z1RLNUO7B9Q6NB",
            "iam_database_authentication_enabled": false,
            "id": "db-DGYLWEO7WJHYLQEI2LGHKWA2G4",
            "identifier": "madeinworld-dev-db",
            "identifier_prefix": "",
            "instance_class": "db.t3.micro",
            "iops": 0,
            "kms_key_id": "arn:aws:kms:eu-central-1:834076182408:key/f600c7f8-6aa2-4f97-bd42-907547677c67",
            "latest_restorable_time": "2025-06-21T21:15:08Z",
            "license_model": "postgresql-license",
            "listener_endpoint": [],
            "maintenance_window": "sun:04:00-sun:05:00",
            "manage_master_user_password": null,
            "master_user_secret": [],
            "master_user_secret_kms_key_id": null,
            "max_allocated_storage": 100,
            "monitoring_interval": 0,
            "monitoring_role_arn": "",
            "multi_az": false,
            "nchar_character_set_name": "",
            "network_type": "IPV4",
            "option_group_name": "default:postgres-16",
            "parameter_group_name": "default.postgres16",
            "password": "MadeInWorldsss2005!?",
            "password_wo": null,
            "password_wo_version": null,
            "performance_insights_enabled": false,
            "performance_insights_kms_key_id": "",
            "performance_insights_retention_period": 0,
            "port": 5432,
            "publicly_accessible": false,
            "replica_mode": "",
            "replicas": [],
            "replicate_source_db": "",
            "resource_id": "db-DGYLWEO7WJHYLQEI2LGHKWA2G4",
            "restore_to_point_in_time": [],
            "s3_import": [],
            "skip_final_snapshot": true,
            "snapshot_identifier": null,
            "status": "available",
            "storage_encrypted": true,
            "storage_throughput": 0,
            "storage_type": "gp2",
            "tags": {
              "Environment": "dev",
              "Name": "madeinworld-dev-db",
              "Project": "madeinworld"
            },
            "tags_all": {
              "Environment": "dev",
              "Name": "madeinworld-dev-db",
              "Project": "madeinworld"
            },
            "timeouts": null,
            "timezone": "",
            "upgrade_storage_config": null,
            "username": "madeinworld_admin",
            "vpc_security_group_ids": [
              "sg-0a1ff866767a3f22c"
            ]
          },
          "sensitive_attributes": [
            [
              {
                "type": "get_attr",
                "value": "password"
              }
            ],
            [
              {
                "type": "get_attr",
                "value": "password_wo"
              }
            ]
          ],
          "identity_schema_version": 0,
          "private": "eyJlMmJmYjczMC1lY2FhLTExZTYtOGY4OC0zNDM2M2JjN2M0YzAiOnsiY3JlYXRlIjozMDAwMDAwMDAwMDAwLCJkZWxldGUiOjM2MDAwMDAwMDAwMDAsInVwZGF0ZSI6NDgwMDAwMDAwMDAwMH0sInNjaGVtYV92ZXJzaW9uIjoiMiJ9",
          "dependencies": [
            "aws_db_subnet_group.main",
            "aws_security_group.eks_cluster",
            "aws_security_group.eks_nodes",
            "aws_security_group.rds",
            "aws_subnet.private",
            "aws_subnet.public",
            "aws_vpc.main",
            "data.aws_availability_zones.available",
            "data.aws_secretsmanager_secret.db_password",
            "data.aws_secretsmanager_secret_version.db_password"
          ]
        }
      ]
    },
    {
      "mode": "managed",
      "type": "aws_db_subnet_group",
      "name": "main",
      "provider": "provider[\"registry.terraform.io/hashicorp/aws\"]",
      "instances": [
        {
          "schema_version": 0,
          "attributes": {
            "arn": "arn:aws:rds:eu-central-1:834076182408:subgrp:madeinworld-dev-db-subnet-group",
            "description": "Managed by Terraform",
            "id": "madeinworld-dev-db-subnet-group",
            "name": "madeinworld-dev-db-subnet-group",
            "name_prefix": "",
            "subnet_ids": [
              "subnet-00b032dff02cbefaf",
              "subnet-048d8ab46a9770520",
              "subnet-09f71045be165bf26",
              "subnet-0ccdcfd4c0f22a032"
            ],
            "supported_network_types": [
              "IPV4"
            ],
            "tags": {
              "Environment": "dev",
              "Name": "madeinworld-dev-db-subnet-group",
              "Project": "madeinworld"
            },
            "tags_all": {
              "Environment": "dev",
              "Name": "madeinworld-dev-db-subnet-group",
              "Project": "madeinworld"
            },
            "vpc_id": "vpc-07460b6564bffec4d"
          },
          "sensitive_attributes": [],
          "identity_schema_version": 0,
          "private": "bnVsbA==",
          "dependencies": [
            "aws_subnet.private",
            "aws_subnet.public",
            "aws_vpc.main",
            "data.aws_availability_zones.available"
          ]
        }
      ]
    },
    {
      "mode": "managed",
      "type": "aws_eip",
      "name": "nat",
      "provider": "provider[\"registry.terraform.io/hashicorp/aws\"]",
      "instances": [
        {
          "index_key": 0,
          "schema_version": 0,
          "attributes": {
            "address": null,
            "allocation_id": "eipalloc-0541cb2cdd9aafe42",
            "arn": "arn:aws:ec2:eu-central-1:834076182408:elastic-ip/eipalloc-0541cb2cdd9aafe42",
            "associate_with_private_ip": null,
            "association_id": "eipassoc-0b8317ff09981e69a",
            "carrier_ip": "",
            "customer_owned_ip": "",
            "customer_owned_ipv4_pool": "",
            "domain": "vpc",
            "id": "eipalloc-0541cb2cdd9aafe42",
            "instance": "",
            "ipam_pool_id": null,
            "network_border_group": "eu-central-1",
            "network_interface": "eni-0a2eacbcca8849d8e",
            "private_dns": "ip-10-0-1-6.eu-central-1.compute.internal",
            "private_ip": "10.0.1.6",
            "ptr_record": "",
            "public_dns": "ec2-18-156-62-113.eu-central-1.compute.amazonaws.com",
            "public_ip": "18.156.62.113",
            "public_ipv4_pool": "amazon",
            "tags": {
              "Environment": "dev",
              "Name": "madeinworld-dev-nat-eip-1",
              "Project": "madeinworld"
            },
            "tags_all": {
              "Environment": "dev",
              "Name": "madeinworld-dev-nat-eip-1",
              "Project": "madeinworld"
            },
            "timeouts": null,
            "vpc": true
          },
          "sensitive_attributes": [],
          "identity_schema_version": 0,
          "private": "eyJlMmJmYjczMC1lY2FhLTExZTYtOGY4OC0zNDM2M2JjN2M0YzAiOnsiZGVsZXRlIjoxODAwMDAwMDAwMDAsInJlYWQiOjkwMDAwMDAwMDAwMCwidXBkYXRlIjozMDAwMDAwMDAwMDB9fQ==",
          "dependencies": [
            "aws_internet_gateway.main",
            "aws_vpc.main"
          ]
        },
        {
          "index_key": 1,
          "schema_version": 0,
          "attributes": {
            "address": null,
            "allocation_id": "eipalloc-03b87c21e4fd05192",
            "arn": "arn:aws:ec2:eu-central-1:834076182408:elastic-ip/eipalloc-03b87c21e4fd05192",
            "associate_with_private_ip": null,
            "association_id": "eipassoc-0db4bbf4a9fa36820",
            "carrier_ip": "",
            "customer_owned_ip": "",
            "customer_owned_ipv4_pool": "",
            "domain": "vpc",
            "id": "eipalloc-03b87c21e4fd05192",
            "instance": "",
            "ipam_pool_id": null,
            "network_border_group": "eu-central-1",
            "network_interface": "eni-08c6f67b00f7704f3",
            "private_dns": "ip-10-0-2-252.eu-central-1.compute.internal",
            "private_ip": "10.0.2.252",
            "ptr_record": "",
            "public_dns": "ec2-3-126-10-17.eu-central-1.compute.amazonaws.com",
            "public_ip": "3.126.10.17",
            "public_ipv4_pool": "amazon",
            "tags": {
              "Environment": "dev",
              "Name": "madeinworld-dev-nat-eip-2",
              "Project": "madeinworld"
            },
            "tags_all": {
              "Environment": "dev",
              "Name": "madeinworld-dev-nat-eip-2",
              "Project": "madeinworld"
            },
            "timeouts": null,
            "vpc": true
          },
          "sensitive_attributes": [],
          "identity_schema_version": 0,
          "private": "eyJlMmJmYjczMC1lY2FhLTExZTYtOGY4OC0zNDM2M2JjN2M0YzAiOnsiZGVsZXRlIjoxODAwMDAwMDAwMDAsInJlYWQiOjkwMDAwMDAwMDAwMCwidXBkYXRlIjozMDAwMDAwMDAwMDB9fQ==",
          "dependencies": [
            "aws_internet_gateway.main",
            "aws_vpc.main"
          ]
        }
      ]
    },
    {
      "mode": "managed",
      "type": "aws_eks_cluster",
      "name": "main",
      "provider": "provider[\"registry.terraform.io/hashicorp/aws\"]",
      "instances": [
        {
          "schema_version": 1,
          "attributes": {
            "access_config": [
              {
                "authentication_mode": "CONFIG_MAP",
                "bootstrap_cluster_creator_admin_permissions": true
              }
            ],
            "arn": "arn:aws:eks:eu-central-1:834076182408:cluster/madeinworld-dev-cluster",
            "bootstrap_self_managed_addons": true,
            "certificate_authority": [
              {
                "data": "LS0tLS1CRUdJTiBDRVJUSUZJQ0FURS0tLS0tCk1JSURCVENDQWUyZ0F3SUJBZ0lJY2hqSEg1TTlIZW93RFFZSktvWklodmNOQVFFTEJRQXdGVEVUTUJFR0ExVUUKQXhNS2EzVmlaWEp1WlhSbGN6QWVGdzB5TlRBMk1qRXhPVE14TXpSYUZ3MHpOVEEyTVRreE9UTTJNelJhTUJVeApFekFSQmdOVkJBTVRDbXQxWW1WeWJtVjBaWE13Z2dFaU1BMEdDU3FHU0liM0RRRUJBUVVBQTRJQkR3QXdnZ0VLCkFvSUJBUURNcGpBZFBUbVovbmRtUHFNak04UC9hbEZaeDhUZEVUVDB3LzZiTWU5ZWpmdG1FYkYvazNJcEw3VSsKeUJOaGNUQUVnRzlXZ2t5Yko1b1MxVmJYcExlanFscWVVZEdVNCtjYWdKOFU4V0dMNGpUOGd3b1BRdWdKTG9WbApicGVSd1RPNzEvTm1PWjJ4OHZtQ04wWXNBUnFPcjkxVDNqb2tNSVorbHAzRVh6WkliTjN0ayt1NDRiODYvQ0x1CkhCMXdGZWovQkZUZ0Nrekx6Y2g5Nld3SVI3bFNiOWtHa2NGWXVHQTExbk43NmVYVXBHbWc1SG5La1htZXpXbEIKbUl0QlhLZE9TT1lBeCtySi95NFkvQ0RRNDNDZlVPYmhoRjhxU1g3SDFmaGtiU2thWjBzamhINTZKZlkzOThQUApGMFpOWTZxSSs4ZmFpeHg3MjRpYktvR2tpa0paQWdNQkFBR2pXVEJYTUE0R0ExVWREd0VCL3dRRUF3SUNwREFQCkJnTlZIUk1CQWY4RUJUQURBUUgvTUIwR0ExVWREZ1FXQkJUQ2tpV3hpM0ZWK2dUak4rciszUTZGUXJXbEVUQVYKQmdOVkhSRUVEakFNZ2dwcmRXSmxjbTVsZEdWek1BMEdDU3FHU0liM0RRRUJDd1VBQTRJQkFRQzNTVTJFbnJiTApQdTZQeFEyL3ErU2I5NjhiZ1N0V2hUckgxWDZUQnQ4Z2w4ZnFYSis0TEd3Y1BxbWVEcjkwbVNlZHVYUWQrSnBZCjFGQ3g0OE5jaDNkWUphMDUrY0FBRTBIWjhteCs5amFPWGlYOVRITlBFUVQya0o4eWxwRTdaZzBrb2hVS1o5RGoKNlpxZS85RnQ4TVVOMlg4ZWxKV3JpSHV1WE5hY3pHYUxaQzlKQXdZSHRaNkdhRjhScGZIWEdqbHZJeDd6TDN6Rgp1aEhyc29USkMxblFMUUFvL2c3UHhnVWxSaXJ6eG1GRUVLYlZZb2w0NytKOEV4bVJlQ0RzVDhFTmM0NHR4SWtJClhlNGxObC9pc1RuVDhGVTZMUHUvd1NHY0JqeUc1WFo2b1NOWisxUlVOeEhSZHB0SjVGU2FHTm1FaEZhWm1NczgKY0Z6eXhBenRwL0cxCi0tLS0tRU5EIENFUlRJRklDQVRFLS0tLS0K"
              }
            ],
            "cluster_id": null,
            "compute_config": [],
            "created_at": "2025-06-21T19:32:14Z",
            "enabled_cluster_log_types": [],
            "encryption_config": [],
            "endpoint": "https://837F5F9967A70EFFCA96F9A66EDAB799.gr7.eu-central-1.eks.amazonaws.com",
            "force_update_version": null,
            "id": "madeinworld-dev-cluster",
            "identity": [
              {
                "oidc": [
                  {
                    "issuer": "https://oidc.eks.eu-central-1.amazonaws.com/id/837F5F9967A70EFFCA96F9A66EDAB799"
                  }
                ]
              }
            ],
            "kubernetes_network_config": [
              {
                "elastic_load_balancing": [
                  {
                    "enabled": false
                  }
                ],
                "ip_family": "ipv4",
                "service_ipv4_cidr": "172.20.0.0/16",
                "service_ipv6_cidr": ""
              }
            ],
            "name": "madeinworld-dev-cluster",
            "outpost_config": [],
            "platform_version": "eks.12",
            "remote_network_config": [],
            "role_arn": "arn:aws:iam::834076182408:role/madeinworld-dev-eks-cluster-role",
            "status": "ACTIVE",
            "storage_config": [],
            "tags": {
              "Environment": "dev",
              "Name": "madeinworld-dev-cluster",
              "Project": "madeinworld"
            },
            "tags_all": {
              "Environment": "dev",
              "Name": "madeinworld-dev-cluster",
              "Project": "madeinworld"
            },
            "timeouts": null,
            "upgrade_policy": [
              {
                "support_type": "EXTENDED"
              }
            ],
            "version": "1.32",
            "vpc_config": [
              {
                "cluster_security_group_id": "sg-0d82b6efd9648df65",
                "endpoint_private_access": true,
                "endpoint_public_access": true,
                "public_access_cidrs": [
                  "0.0.0.0/0"
                ],
                "security_group_ids": [
                  "sg-008b62268dbd89edf"
                ],
                "subnet_ids": [
                  "subnet-00b032dff02cbefaf",
                  "subnet-048d8ab46a9770520",
                  "subnet-09f71045be165bf26",
                  "subnet-0ccdcfd4c0f22a032"
                ],
                "vpc_id": "vpc-07460b6564bffec4d"
              }
            ],
            "zonal_shift_config": []
          },
          "sensitive_attributes": [],
          "identity_schema_version": 0,
          "private": "eyJlMmJmYjczMC1lY2FhLTExZTYtOGY4OC0zNDM2M2JjN2M0YzAiOnsiY3JlYXRlIjoxODAwMDAwMDAwMDAwLCJkZWxldGUiOjkwMDAwMDAwMDAwMCwidXBkYXRlIjozNjAwMDAwMDAwMDAwfSwic2NoZW1hX3ZlcnNpb24iOiIxIn0=",
          "dependencies": [
            "aws_iam_role.eks_cluster",
            "aws_iam_role_policy_attachment.eks_cluster_policy",
            "aws_security_group.eks_cluster",
            "aws_subnet.private",
            "aws_subnet.public",
            "aws_vpc.main",
            "data.aws_availability_zones.available"
          ]
        }
      ]
    },
    {
      "mode": "managed",
      "type": "aws_eks_node_group",
      "name": "main",
      "provider": "provider[\"registry.terraform.io/hashicorp/aws\"]",
      "instances": [
        {
          "schema_version": 0,
          "attributes": {
            "ami_type": "AL2023_x86_64_STANDARD",
            "arn": "arn:aws:eks:eu-central-1:834076182408:nodegroup/madeinworld-dev-cluster/madeinworld-dev-node-group/4ccbca00-af09-5a98-b396-5d0ec259e991",
            "capacity_type": "ON_DEMAND",
            "cluster_name": "madeinworld-dev-cluster",
            "disk_size": 20,
            "force_update_version": null,
            "id": "madeinworld-dev-cluster:madeinworld-dev-node-group",
            "instance_types": [
              "t3.medium"
            ],
            "labels": {},
            "launch_template": [],
            "node_group_name": "madeinworld-dev-node-group",
            "node_group_name_prefix": "",
            "node_repair_config": [],
            "node_role_arn": "arn:aws:iam::834076182408:role/madeinworld-dev-eks-node-group-role",
            "release_version": "1.32.3-20250610",
            "remote_access": [],
            "resources": [
              {
                "autoscaling_groups": [
                  {
                    "name": "eks-madeinworld-dev-node-group-4ccbca00-af09-5a98-b396-5d0ec259e991"
                  }
                ],
                "remote_access_security_group_id": ""
              }
            ],
            "scaling_config": [
              {
                "desired_size": 2,
                "max_size": 4,
                "min_size": 1
              }
            ],
            "status": "ACTIVE",
            "subnet_ids": [
              "subnet-00b032dff02cbefaf",
              "subnet-09f71045be165bf26"
            ],
            "tags": {
              "Environment": "dev",
              "Name": "madeinworld-dev-node-group",
              "Project": "madeinworld"
            },
            "tags_all": {
              "Environment": "dev",
              "Name": "madeinworld-dev-node-group",
              "Project": "madeinworld"
            },
            "taint": [],
            "timeouts": null,
            "update_config": [
              {
                "max_unavailable": 1,
                "max_unavailable_percentage": 0
              }
            ],
            "version": "1.32"
          },
          "sensitive_attributes": [],
          "identity_schema_version": 0,
          "private": "eyJlMmJmYjczMC1lY2FhLTExZTYtOGY4OC0zNDM2M2JjN2M0YzAiOnsiY3JlYXRlIjozNjAwMDAwMDAwMDAwLCJkZWxldGUiOjM2MDAwMDAwMDAwMDAsInVwZGF0ZSI6MzYwMDAwMDAwMDAwMH19",
          "dependencies": [
            "aws_eks_cluster.main",
            "aws_iam_role.eks_cluster",
            "aws_iam_role.eks_nodes",
            "aws_iam_role_policy_attachment.eks_cluster_policy",
            "aws_iam_role_policy_attachment.eks_cni_policy",
            "aws_iam_role_policy_attachment.eks_container_registry_policy",
            "aws_iam_role_policy_attachment.eks_worker_node_policy",
            "aws_security_group.eks_cluster",
            "aws_subnet.private",
            "aws_subnet.public",
            "aws_vpc.main",
            "data.aws_availability_zones.available"
          ]
        }
      ]
    },
    {
      "mode": "managed",
      "type": "aws_iam_role",
      "name": "eks_cluster",
      "provider": "provider[\"registry.terraform.io/hashicorp/aws\"]",
      "instances": [
        {
          "schema_version": 0,
          "attributes": {
            "arn": "arn:aws:iam::834076182408:role/madeinworld-dev-eks-cluster-role",
            "assume_role_policy": "{\"Statement\":[{\"Action\":\"sts:AssumeRole\",\"Effect\":\"Allow\",\"Principal\":{\"Service\":\"eks.amazonaws.com\"}}],\"Version\":\"2012-10-17\"}",
            "create_date": "2025-06-21T19:31:40Z",
            "description": "",
            "force_detach_policies": false,
            "id": "madeinworld-dev-eks-cluster-role",
            "inline_policy": [],
            "managed_policy_arns": [
              "arn:aws:iam::aws:policy/AmazonEKSClusterPolicy"
            ],
            "max_session_duration": 3600,
            "name": "madeinworld-dev-eks-cluster-role",
            "name_prefix": "",
            "path": "/",
            "permissions_boundary": "",
            "tags": {},
            "tags_all": {},
            "unique_id": "AROA4EMWQQ6EKKQMISPUV"
          },
          "sensitive_attributes": [],
          "identity_schema_version": 0,
          "private": "bnVsbA=="
        }
      ]
    },
    {
      "mode": "managed",
      "type": "aws_iam_role",
      "name": "eks_nodes",
      "provider": "provider[\"registry.terraform.io/hashicorp/aws\"]",
      "instances": [
        {
          "schema_version": 0,
          "attributes": {
            "arn": "arn:aws:iam::834076182408:role/madeinworld-dev-eks-node-group-role",
            "assume_role_policy": "{\"Statement\":[{\"Action\":\"sts:AssumeRole\",\"Effect\":\"Allow\",\"Principal\":{\"Service\":\"ec2.amazonaws.com\"}}],\"Version\":\"2012-10-17\"}",
            "create_date": "2025-06-21T19:31:40Z",
            "description": "",
            "force_detach_policies": false,
            "id": "madeinworld-dev-eks-node-group-role",
            "inline_policy": [],
            "managed_policy_arns": [
              "arn:aws:iam::aws:policy/AmazonEC2ContainerRegistryReadOnly",
              "arn:aws:iam::aws:policy/AmazonEKSWorkerNodePolicy",
              "arn:aws:iam::aws:policy/AmazonEKS_CNI_Policy"
            ],
            "max_session_duration": 3600,
            "name": "madeinworld-dev-eks-node-group-role",
            "name_prefix": "",
            "path": "/",
            "permissions_boundary": "",
            "tags": {},
            "tags_all": {},
            "unique_id": "AROA4EMWQQ6ELJFYTRCRZ"
          },
          "sensitive_attributes": [],
          "identity_schema_version": 0,
          "private": "bnVsbA=="
        }
      ]
    },
    {
      "mode": "managed",
      "type": "aws_iam_role_policy_attachment",
      "name": "eks_cluster_policy",
      "provider": "provider[\"registry.terraform.io/hashicorp/aws\"]",
      "instances": [
        {
          "schema_version": 0,
          "attributes": {
            "id": "madeinworld-dev-eks-cluster-role-20250621193141025900000003",
            "policy_arn": "arn:aws:iam::aws:policy/AmazonEKSClusterPolicy",
            "role": "madeinworld-dev-eks-cluster-role"
          },
          "sensitive_attributes": [],
          "identity_schema_version": 0,
          "private": "bnVsbA==",
          "dependencies": [
            "aws_iam_role.eks_cluster"
          ]
        }
      ]
    },
    {
      "mode": "managed",
      "type": "aws_iam_role_policy_attachment",
      "name": "eks_cni_policy",
      "provider": "provider[\"registry.terraform.io/hashicorp/aws\"]",
      "instances": [
        {
          "schema_version": 0,
          "attributes": {
            "id": "madeinworld-dev-eks-node-group-role-20250621193140833200000001",
            "policy_arn": "arn:aws:iam::aws:policy/AmazonEKS_CNI_Policy",
            "role": "madeinworld-dev-eks-node-group-role"
          },
          "sensitive_attributes": [],
          "identity_schema_version": 0,
          "private": "bnVsbA==",
          "dependencies": [
            "aws_iam_role.eks_nodes"
          ]
        }
      ]
    },
    {
      "mode": "managed",
      "type": "aws_iam_role_policy_attachment",
      "name": "eks_container_registry_policy",
      "provider": "provider[\"registry.terraform.io/hashicorp/aws\"]",
      "instances": [
        {
          "schema_version": 0,
          "attributes": {
            "id": "madeinworld-dev-eks-node-group-role-20250621193140844600000002",
            "policy_arn": "arn:aws:iam::aws:policy/AmazonEC2ContainerRegistryReadOnly",
            "role": "madeinworld-dev-eks-node-group-role"
          },
          "sensitive_attributes": [],
          "identity_schema_version": 0,
          "private": "bnVsbA==",
          "dependencies": [
            "aws_iam_role.eks_nodes"
          ]
        }
      ]
    },
    {
      "mode": "managed",
      "type": "aws_iam_role_policy_attachment",
      "name": "eks_worker_node_policy",
      "provider": "provider[\"registry.terraform.io/hashicorp/aws\"]",
      "instances": [
        {
          "schema_version": 0,
          "attributes": {
            "id": "madeinworld-dev-eks-node-group-role-20250621193141048500000004",
            "policy_arn": "arn:aws:iam::aws:policy/AmazonEKSWorkerNodePolicy",
            "role": "madeinworld-dev-eks-node-group-role"
          },
          "sensitive_attributes": [],
          "identity_schema_version": 0,
          "private": "bnVsbA==",
          "dependencies": [
            "aws_iam_role.eks_nodes"
          ]
        }
      ]
    },
    {
      "mode": "managed",
      "type": "aws_internet_gateway",
      "name": "main",
      "provider": "provider[\"registry.terraform.io/hashicorp/aws\"]",
      "instances": [
        {
          "schema_version": 0,
          "attributes": {
            "arn": "arn:aws:ec2:eu-central-1:834076182408:internet-gateway/igw-0e22028b1b8b394c9",
            "id": "igw-0e22028b1b8b394c9",
            "owner_id": "834076182408",
            "tags": {
              "Environment": "dev",
              "Name": "madeinworld-dev-igw",
              "Project": "madeinworld"
            },
            "tags_all": {
              "Environment": "dev",
              "Name": "madeinworld-dev-igw",
              "Project": "madeinworld"
            },
            "timeouts": null,
            "vpc_id": "vpc-07460b6564bffec4d"
          },
          "sensitive_attributes": [],
          "identity_schema_version": 0,
          "private": "eyJlMmJmYjczMC1lY2FhLTExZTYtOGY4OC0zNDM2M2JjN2M0YzAiOnsiY3JlYXRlIjoxMjAwMDAwMDAwMDAwLCJkZWxldGUiOjEyMDAwMDAwMDAwMDAsInVwZGF0ZSI6MTIwMDAwMDAwMDAwMH19",
          "dependencies": [
            "aws_vpc.main"
          ]
        }
      ]
    },
    {
      "mode": "managed",
      "type": "aws_nat_gateway",
      "name": "main",
      "provider": "provider[\"registry.terraform.io/hashicorp/aws\"]",
      "instances": [
        {
          "index_key": 0,
          "schema_version": 0,
          "attributes": {
            "allocation_id": "eipalloc-0541cb2cdd9aafe42",
            "association_id": "eipassoc-0b8317ff09981e69a",
            "connectivity_type": "public",
            "id": "nat-0f12864809779d5e1",
            "network_interface_id": "eni-0a2eacbcca8849d8e",
            "private_ip": "10.0.1.6",
            "public_ip": "18.156.62.113",
            "secondary_allocation_ids": [],
            "secondary_private_ip_address_count": 0,
            "secondary_private_ip_addresses": [],
            "subnet_id": "subnet-0ccdcfd4c0f22a032",
            "tags": {
              "Environment": "dev",
              "Name": "madeinworld-dev-nat-gw-1",
              "Project": "madeinworld"
            },
            "tags_all": {
              "Environment": "dev",
              "Name": "madeinworld-dev-nat-gw-1",
              "Project": "madeinworld"
            },
            "timeouts": null
          },
          "sensitive_attributes": [],
          "identity_schema_version": 0,
          "private": "eyJlMmJmYjczMC1lY2FhLTExZTYtOGY4OC0zNDM2M2JjN2M0YzAiOnsiY3JlYXRlIjo2MDAwMDAwMDAwMDAsImRlbGV0ZSI6MTgwMDAwMDAwMDAwMCwidXBkYXRlIjo2MDAwMDAwMDAwMDB9fQ==",
          "dependencies": [
            "aws_eip.nat",
            "aws_internet_gateway.main",
            "aws_subnet.public",
            "aws_vpc.main",
            "data.aws_availability_zones.available"
          ]
        },
        {
          "index_key": 1,
          "schema_version": 0,
          "attributes": {
            "allocation_id": "eipalloc-03b87c21e4fd05192",
            "association_id": "eipassoc-0db4bbf4a9fa36820",
            "connectivity_type": "public",
            "id": "nat-0752bd0bc76a79c1d",
            "network_interface_id": "eni-08c6f67b00f7704f3",
            "private_ip": "10.0.2.252",
            "public_ip": "3.126.10.17",
            "secondary_allocation_ids": [],
            "secondary_private_ip_address_count": 0,
            "secondary_private_ip_addresses": [],
            "subnet_id": "subnet-048d8ab46a9770520",
            "tags": {
              "Environment": "dev",
              "Name": "madeinworld-dev-nat-gw-2",
              "Project": "madeinworld"
            },
            "tags_all": {
              "Environment": "dev",
              "Name": "madeinworld-dev-nat-gw-2",
              "Project": "madeinworld"
            },
            "timeouts": null
          },
          "sensitive_attributes": [],
          "identity_schema_version": 0,
          "private": "eyJlMmJmYjczMC1lY2FhLTExZTYtOGY4OC0zNDM2M2JjN2M0YzAiOnsiY3JlYXRlIjo2MDAwMDAwMDAwMDAsImRlbGV0ZSI6MTgwMDAwMDAwMDAwMCwidXBkYXRlIjo2MDAwMDAwMDAwMDB9fQ==",
          "dependencies": [
            "aws_eip.nat",
            "aws_internet_gateway.main",
            "aws_subnet.public",
            "aws_vpc.main",
            "data.aws_availability_zones.available"
          ]
        }
      ]
    },
    {
      "mode": "managed",
      "type": "aws_route_table",
      "name": "private",
      "provider": "provider[\"registry.terraform.io/hashicorp/aws\"]",
      "instances": [
        {
          "index_key": 0,
          "schema_version": 0,
          "attributes": {
            "arn": "arn:aws:ec2:eu-central-1:834076182408:route-table/rtb-07c1485a09e3018be",
            "id": "rtb-07c1485a09e3018be",
            "owner_id": "834076182408",
            "propagating_vgws": [],
            "route": [
              {
                "carrier_gateway_id": "",
                "cidr_block": "0.0.0.0/0",
                "core_network_arn": "",
                "destination_prefix_list_id": "",
                "egress_only_gateway_id": "",
                "gateway_id": "",
                "ipv6_cidr_block": "",
                "local_gateway_id": "",
                "nat_gateway_id": "nat-0f12864809779d5e1",
                "network_interface_id": "",
                "transit_gateway_id": "",
                "vpc_endpoint_id": "",
                "vpc_peering_connection_id": ""
              }
            ],
            "tags": {
              "Environment": "dev",
              "Name": "madeinworld-dev-private-rt-1",
              "Project": "madeinworld"
            },
            "tags_all": {
              "Environment": "dev",
              "Name": "madeinworld-dev-private-rt-1",
              "Project": "madeinworld"
            },
            "timeouts": null,
            "vpc_id": "vpc-07460b6564bffec4d"
          },
          "sensitive_attributes": [],
          "identity_schema_version": 0,
          "private": "eyJlMmJmYjczMC1lY2FhLTExZTYtOGY4OC0zNDM2M2JjN2M0YzAiOnsiY3JlYXRlIjozMDAwMDAwMDAwMDAsImRlbGV0ZSI6MzAwMDAwMDAwMDAwLCJ1cGRhdGUiOjEyMDAwMDAwMDAwMH19",
          "dependencies": [
            "aws_eip.nat",
            "aws_internet_gateway.main",
            "aws_nat_gateway.main",
            "aws_subnet.public",
            "aws_vpc.main",
            "data.aws_availability_zones.available"
          ]
        },
        {
          "index_key": 1,
          "schema_version": 0,
          "attributes": {
            "arn": "arn:aws:ec2:eu-central-1:834076182408:route-table/rtb-0c170c5eeb85c0ce3",
            "id": "rtb-0c170c5eeb85c0ce3",
            "owner_id": "834076182408",
            "propagating_vgws": [],
            "route": [
              {
                "carrier_gateway_id": "",
                "cidr_block": "0.0.0.0/0",
                "core_network_arn": "",
                "destination_prefix_list_id": "",
                "egress_only_gateway_id": "",
                "gateway_id": "",
                "ipv6_cidr_block": "",
                "local_gateway_id": "",
                "nat_gateway_id": "nat-0752bd0bc76a79c1d",
                "network_interface_id": "",
                "transit_gateway_id": "",
                "vpc_endpoint_id": "",
                "vpc_peering_connection_id": ""
              }
            ],
            "tags": {
              "Environment": "dev",
              "Name": "madeinworld-dev-private-rt-2",
              "Project": "madeinworld"
            },
            "tags_all": {
              "Environment": "dev",
              "Name": "madeinworld-dev-private-rt-2",
              "Project": "madeinworld"
            },
            "timeouts": null,
            "vpc_id": "vpc-07460b6564bffec4d"
          },
          "sensitive_attributes": [],
          "identity_schema_version": 0,
          "private": "eyJlMmJmYjczMC1lY2FhLTExZTYtOGY4OC0zNDM2M2JjN2M0YzAiOnsiY3JlYXRlIjozMDAwMDAwMDAwMDAsImRlbGV0ZSI6MzAwMDAwMDAwMDAwLCJ1cGRhdGUiOjEyMDAwMDAwMDAwMH19",
          "dependencies": [
            "aws_eip.nat",
            "aws_internet_gateway.main",
            "aws_nat_gateway.main",
            "aws_subnet.public",
            "aws_vpc.main",
            "data.aws_availability_zones.available"
          ]
        }
      ]
    },
    {
      "mode": "managed",
      "type": "aws_route_table",
      "name": "public",
      "provider": "provider[\"registry.terraform.io/hashicorp/aws\"]",
      "instances": [
        {
          "schema_version": 0,
          "attributes": {
            "arn": "arn:aws:ec2:eu-central-1:834076182408:route-table/rtb-0dc17ae09db055ae1",
            "id": "rtb-0dc17ae09db055ae1",
            "owner_id": "834076182408",
            "propagating_vgws": [],
            "route": [
              {
                "carrier_gateway_id": "",
                "cidr_block": "0.0.0.0/0",
                "core_network_arn": "",
                "destination_prefix_list_id": "",
                "egress_only_gateway_id": "",
                "gateway_id": "igw-0e22028b1b8b394c9",
                "ipv6_cidr_block": "",
                "local_gateway_id": "",
                "nat_gateway_id": "",
                "network_interface_id": "",
                "transit_gateway_id": "",
                "vpc_endpoint_id": "",
                "vpc_peering_connection_id": ""
              }
            ],
            "tags": {
              "Environment": "dev",
              "Name": "madeinworld-dev-public-rt",
              "Project": "madeinworld"
            },
            "tags_all": {
              "Environment": "dev",
              "Name": "madeinworld-dev-public-rt",
              "Project": "madeinworld"
            },
            "timeouts": null,
            "vpc_id": "vpc-07460b6564bffec4d"
          },
          "sensitive_attributes": [],
          "identity_schema_version": 0,
          "private": "eyJlMmJmYjczMC1lY2FhLTExZTYtOGY4OC0zNDM2M2JjN2M0YzAiOnsiY3JlYXRlIjozMDAwMDAwMDAwMDAsImRlbGV0ZSI6MzAwMDAwMDAwMDAwLCJ1cGRhdGUiOjEyMDAwMDAwMDAwMH19",
          "dependencies": [
            "aws_internet_gateway.main",
            "aws_vpc.main"
          ]
        }
      ]
    },
    {
      "mode": "managed",
      "type": "aws_route_table_association",
      "name": "private",
      "provider": "provider[\"registry.terraform.io/hashicorp/aws\"]",
      "instances": [
        {
          "index_key": 0,
          "schema_version": 0,
          "attributes": {
            "gateway_id": "",
            "id": "rtbassoc-018debd8e80b9e653",
            "route_table_id": "rtb-07c1485a09e3018be",
            "subnet_id": "subnet-09f71045be165bf26",
            "timeouts": null
          },
          "sensitive_attributes": [],
          "identity_schema_version": 0,
          "private": "eyJlMmJmYjczMC1lY2FhLTExZTYtOGY4OC0zNDM2M2JjN2M0YzAiOnsiY3JlYXRlIjozMDAwMDAwMDAwMDAsImRlbGV0ZSI6MzAwMDAwMDAwMDAwLCJ1cGRhdGUiOjEyMDAwMDAwMDAwMH19",
          "dependencies": [
            "aws_eip.nat",
            "aws_internet_gateway.main",
            "aws_nat_gateway.main",
            "aws_route_table.private",
            "aws_subnet.private",
            "aws_subnet.public",
            "aws_vpc.main",
            "data.aws_availability_zones.available"
          ]
        },
        {
          "index_key": 1,
          "schema_version": 0,
          "attributes": {
            "gateway_id": "",
            "id": "rtbassoc-086ecf5f231361bbd",
            "route_table_id": "rtb-0c170c5eeb85c0ce3",
            "subnet_id": "subnet-00b032dff02cbefaf",
            "timeouts": null
          },
          "sensitive_attributes": [],
          "identity_schema_version": 0,
          "private": "eyJlMmJmYjczMC1lY2FhLTExZTYtOGY4OC0zNDM2M2JjN2M0YzAiOnsiY3JlYXRlIjozMDAwMDAwMDAwMDAsImRlbGV0ZSI6MzAwMDAwMDAwMDAwLCJ1cGRhdGUiOjEyMDAwMDAwMDAwMH19",
          "dependencies": [
            "aws_eip.nat",
            "aws_internet_gateway.main",
            "aws_nat_gateway.main",
            "aws_route_table.private",
            "aws_subnet.private",
            "aws_subnet.public",
            "aws_vpc.main",
            "data.aws_availability_zones.available"
          ]
        }
      ]
    },
    {
      "mode": "managed",
      "type": "aws_route_table_association",
      "name": "public",
      "provider": "provider[\"registry.terraform.io/hashicorp/aws\"]",
      "instances": [
        {
          "index_key": 0,
          "schema_version": 0,
          "attributes": {
            "gateway_id": "",
            "id": "rtbassoc-0845d4e872e09898c",
            "route_table_id": "rtb-0dc17ae09db055ae1",
            "subnet_id": "subnet-0ccdcfd4c0f22a032",
            "timeouts": null
          },
          "sensitive_attributes": [],
          "identity_schema_version": 0,
          "private": "eyJlMmJmYjczMC1lY2FhLTExZTYtOGY4OC0zNDM2M2JjN2M0YzAiOnsiY3JlYXRlIjozMDAwMDAwMDAwMDAsImRlbGV0ZSI6MzAwMDAwMDAwMDAwLCJ1cGRhdGUiOjEyMDAwMDAwMDAwMH19",
          "dependencies": [
            "aws_internet_gateway.main",
            "aws_route_table.public",
            "aws_subnet.public",
            "aws_vpc.main",
            "data.aws_availability_zones.available"
          ]
        },
        {
          "index_key": 1,
          "schema_version": 0,
          "attributes": {
            "gateway_id": "",
            "id": "rtbassoc-0a77c67b2b9120eb1",
            "route_table_id": "rtb-0dc17ae09db055ae1",
            "subnet_id": "subnet-048d8ab46a9770520",
            "timeouts": null
          },
          "sensitive_attributes": [],
          "identity_schema_version": 0,
          "private": "eyJlMmJmYjczMC1lY2FhLTExZTYtOGY4OC0zNDM2M2JjN2M0YzAiOnsiY3JlYXRlIjozMDAwMDAwMDAwMDAsImRlbGV0ZSI6MzAwMDAwMDAwMDAwLCJ1cGRhdGUiOjEyMDAwMDAwMDAwMH19",
          "dependencies": [
            "aws_internet_gateway.main",
            "aws_route_table.public",
            "aws_subnet.public",
            "aws_vpc.main",
            "data.aws_availability_zones.available"
          ]
        }
      ]
    },
    {
      "mode": "managed",
      "type": "aws_security_group",
      "name": "eks_cluster",
      "provider": "provider[\"registry.terraform.io/hashicorp/aws\"]",
      "instances": [
        {
          "schema_version": 1,
          "attributes": {
            "arn": "arn:aws:ec2:eu-central-1:834076182408:security-group/sg-008b62268dbd89edf",
            "description": "Managed by Terraform",
            "egress": [
              {
                "cidr_blocks": [
                  "0.0.0.0/0"
                ],
                "description": "",
                "from_port": 0,
                "ipv6_cidr_blocks": [],
                "prefix_list_ids": [],
                "protocol": "-1",
                "security_groups": [],
                "self": false,
                "to_port": 0
              }
            ],
            "id": "sg-008b62268dbd89edf",
            "ingress": [
              {
                "cidr_blocks": [],
                "description": "Allow pods to communicate with the cluster API Server",
                "from_port": 443,
                "ipv6_cidr_blocks": [],
                "prefix_list_ids": [],
                "protocol": "tcp",
                "security_groups": [
                  "sg-007dbc5e79d9b98e3"
                ],
                "self": false,
                "to_port": 443
              }
            ],
            "name": "madeinworld-dev-eks-cluster-20250621193154991500000005",
            "name_prefix": "madeinworld-dev-eks-cluster-",
            "owner_id": "834076182408",
            "revoke_rules_on_delete": false,
            "tags": {
              "Environment": "dev",
              "Name": "madeinworld-dev-eks-cluster-sg",
              "Project": "madeinworld"
            },
            "tags_all": {
              "Environment": "dev",
              "Name": "madeinworld-dev-eks-cluster-sg",
              "Project": "madeinworld"
            },
            "timeouts": null,
            "vpc_id": "vpc-07460b6564bffec4d"
          },
          "sensitive_attributes": [],
          "identity_schema_version": 0,
          "private": "eyJlMmJmYjczMC1lY2FhLTExZTYtOGY4OC0zNDM2M2JjN2M0YzAiOnsiY3JlYXRlIjo2MDAwMDAwMDAwMDAsImRlbGV0ZSI6OTAwMDAwMDAwMDAwfSwic2NoZW1hX3ZlcnNpb24iOiIxIn0=",
          "dependencies": [
            "aws_vpc.main"
          ]
        }
      ]
    },
    {
      "mode": "managed",
      "type": "aws_security_group",
      "name": "eks_nodes",
      "provider": "provider[\"registry.terraform.io/hashicorp/aws\"]",
      "instances": [
        {
          "schema_version": 1,
          "attributes": {
            "arn": "arn:aws:ec2:eu-central-1:834076182408:security-group/sg-007dbc5e79d9b98e3",
            "description": "Managed by Terraform",
            "egress": [
              {
                "cidr_blocks": [
                  "0.0.0.0/0"
                ],
                "description": "",
                "from_port": 0,
                "ipv6_cidr_blocks": [],
                "prefix_list_ids": [],
                "protocol": "-1",
                "security_groups": [],
                "self": false,
                "to_port": 0
              }
            ],
            "id": "sg-007dbc5e79d9b98e3",
            "ingress": [
              {
                "cidr_blocks": [],
                "description": "Allow nodes to communicate with each other",
                "from_port": 0,
                "ipv6_cidr_blocks": [],
                "prefix_list_ids": [],
                "protocol": "tcp",
                "security_groups": [],
                "self": true,
                "to_port": 65535
              },
              {
                "cidr_blocks": [],
                "description": "Allow worker Kubelets and pods to receive communication from the cluster control plane",
                "from_port": 1025,
                "ipv6_cidr_blocks": [],
                "prefix_list_ids": [],
                "protocol": "tcp",
                "security_groups": [
                  "sg-008b62268dbd89edf"
                ],
                "self": false,
                "to_port": 65535
              }
            ],
            "name": "madeinworld-dev-eks-nodes-20250621193205271900000007",
            "name_prefix": "madeinworld-dev-eks-nodes-",
            "owner_id": "834076182408",
            "revoke_rules_on_delete": false,
            "tags": {
              "Environment": "dev",
              "Name": "madeinworld-dev-eks-nodes-sg",
              "Project": "madeinworld"
            },
            "tags_all": {
              "Environment": "dev",
              "Name": "madeinworld-dev-eks-nodes-sg",
              "Project": "madeinworld"
            },
            "timeouts": null,
            "vpc_id": "vpc-07460b6564bffec4d"
          },
          "sensitive_attributes": [],
          "identity_schema_version": 0,
          "private": "eyJlMmJmYjczMC1lY2FhLTExZTYtOGY4OC0zNDM2M2JjN2M0YzAiOnsiY3JlYXRlIjo2MDAwMDAwMDAwMDAsImRlbGV0ZSI6OTAwMDAwMDAwMDAwfSwic2NoZW1hX3ZlcnNpb24iOiIxIn0=",
          "dependencies": [
            "aws_security_group.eks_cluster",
            "aws_vpc.main"
          ]
        }
      ]
    },
    {
      "mode": "managed",
      "type": "aws_security_group",
      "name": "rds",
      "provider": "provider[\"registry.terraform.io/hashicorp/aws\"]",
      "instances": [
        {
          "schema_version": 1,
          "attributes": {
            "arn": "arn:aws:ec2:eu-central-1:834076182408:security-group/sg-0a1ff866767a3f22c",
            "description": "Managed by Terraform",
            "egress": [
              {
                "cidr_blocks": [
                  "0.0.0.0/0"
                ],
                "description": "",
                "from_port": 0,
                "ipv6_cidr_blocks": [],
                "prefix_list_ids": [],
                "protocol": "-1",
                "security_groups": [],
                "self": false,
                "to_port": 0
              }
            ],
            "id": "sg-0a1ff866767a3f22c",
            "ingress": [
              {
                "cidr_blocks": [],
                "description": "PostgreSQL from EKS nodes",
                "from_port": 5432,
                "ipv6_cidr_blocks": [],
                "prefix_list_ids": [],
                "protocol": "tcp",
                "security_groups": [
                  "sg-007dbc5e79d9b98e3"
                ],
                "self": false,
                "to_port": 5432
              }
            ],
            "name": "madeinworld-dev-rds-20250621193208857300000008",
            "name_prefix": "madeinworld-dev-rds-",
            "owner_id": "834076182408",
            "revoke_rules_on_delete": false,
            "tags": {
              "Environment": "dev",
              "Name": "madeinworld-dev-rds-sg",
              "Project": "madeinworld"
            },
            "tags_all": {
              "Environment": "dev",
              "Name": "madeinworld-dev-rds-sg",
              "Project": "madeinworld"
            },
            "timeouts": null,
            "vpc_id": "vpc-07460b6564bffec4d"
          },
          "sensitive_attributes": [],
          "identity_schema_version": 0,
          "private": "eyJlMmJmYjczMC1lY2FhLTExZTYtOGY4OC0zNDM2M2JjN2M0YzAiOnsiY3JlYXRlIjo2MDAwMDAwMDAwMDAsImRlbGV0ZSI6OTAwMDAwMDAwMDAwfSwic2NoZW1hX3ZlcnNpb24iOiIxIn0=",
          "dependencies": [
            "aws_security_group.eks_cluster",
            "aws_security_group.eks_nodes",
            "aws_vpc.main"
          ]
        }
      ]
    },
    {
      "mode": "managed",
      "type": "aws_security_group_rule",
      "name": "eks_cluster_ingress_node_https",
      "provider": "provider[\"registry.terraform.io/hashicorp/aws\"]",
      "instances": [
        {
          "schema_version": 2,
          "attributes": {
            "cidr_blocks": null,
            "description": "Allow pods to communicate with the cluster API Server",
            "from_port": 443,
            "id": "sgrule-3068485077",
            "ipv6_cidr_blocks": null,
            "prefix_list_ids": null,
            "protocol": "tcp",
            "security_group_id": "sg-008b62268dbd89edf",
            "security_group_rule_id": "sgr-08ca4a358f1dcf602",
            "self": false,
            "source_security_group_id": "sg-007dbc5e79d9b98e3",
            "timeouts": null,
            "to_port": 443,
            "type": "ingress"
          },
          "sensitive_attributes": [],
          "identity_schema_version": 0,
          "private": "eyJlMmJmYjczMC1lY2FhLTExZTYtOGY4OC0zNDM2M2JjN2M0YzAiOnsiY3JlYXRlIjozMDAwMDAwMDAwMDB9LCJzY2hlbWFfdmVyc2lvbiI6IjIifQ==",
          "dependencies": [
            "aws_security_group.eks_cluster",
            "aws_security_group.eks_nodes",
            "aws_vpc.main"
          ]
        }
      ]
    },
    {
      "mode": "managed",
      "type": "aws_subnet",
      "name": "private",
      "provider": "provider[\"registry.terraform.io/hashicorp/aws\"]",
      "instances": [
        {
          "index_key": 0,
          "schema_version": 1,
          "attributes": {
            "arn": "arn:aws:ec2:eu-central-1:834076182408:subnet/subnet-09f71045be165bf26",
            "assign_ipv6_address_on_creation": false,
            "availability_zone": "eu-central-1a",
            "availability_zone_id": "euc1-az2",
            "cidr_block": "10.0.10.0/24",
            "customer_owned_ipv4_pool": "",
            "enable_dns64": false,
            "enable_lni_at_device_index": 0,
            "enable_resource_name_dns_a_record_on_launch": false,
            "enable_resource_name_dns_aaaa_record_on_launch": false,
            "id": "subnet-09f71045be165bf26",
            "ipv6_cidr_block": "",
            "ipv6_cidr_block_association_id": "",
            "ipv6_native": false,
            "map_customer_owned_ip_on_launch": false,
            "map_public_ip_on_launch": false,
            "outpost_arn": "",
            "owner_id": "834076182408",
            "private_dns_hostname_type_on_launch": "ip-name",
            "tags": {
              "Environment": "dev",
              "Name": "madeinworld-dev-private-subnet-1",
              "Project": "madeinworld",
              "Type": "Private"
            },
            "tags_all": {
              "Environment": "dev",
              "Name": "madeinworld-dev-private-subnet-1",
              "Project": "madeinworld",
              "Type": "Private"
            },
            "timeouts": null,
            "vpc_id": "vpc-07460b6564bffec4d"
          },
          "sensitive_attributes": [],
          "identity_schema_version": 0,
          "private": "eyJlMmJmYjczMC1lY2FhLTExZTYtOGY4OC0zNDM2M2JjN2M0YzAiOnsiY3JlYXRlIjo2MDAwMDAwMDAwMDAsImRlbGV0ZSI6MTIwMDAwMDAwMDAwMH0sInNjaGVtYV92ZXJzaW9uIjoiMSJ9",
          "dependencies": [
            "aws_vpc.main",
            "data.aws_availability_zones.available"
          ]
        },
        {
          "index_key": 1,
          "schema_version": 1,
          "attributes": {
            "arn": "arn:aws:ec2:eu-central-1:834076182408:subnet/subnet-00b032dff02cbefaf",
            "assign_ipv6_address_on_creation": false,
            "availability_zone": "eu-central-1b",
            "availability_zone_id": "euc1-az3",
            "cidr_block": "10.0.20.0/24",
            "customer_owned_ipv4_pool": "",
            "enable_dns64": false,
            "enable_lni_at_device_index": 0,
            "enable_resource_name_dns_a_record_on_launch": false,
            "enable_resource_name_dns_aaaa_record_on_launch": false,
            "id": "subnet-00b032dff02cbefaf",
            "ipv6_cidr_block": "",
            "ipv6_cidr_block_association_id": "",
            "ipv6_native": false,
            "map_customer_owned_ip_on_launch": false,
            "map_public_ip_on_launch": false,
            "outpost_arn": "",
            "owner_id": "834076182408",
            "private_dns_hostname_type_on_launch": "ip-name",
            "tags": {
              "Environment": "dev",
              "Name": "madeinworld-dev-private-subnet-2",
              "Project": "madeinworld",
              "Type": "Private"
            },
            "tags_all": {
              "Environment": "dev",
              "Name": "madeinworld-dev-private-subnet-2",
              "Project": "madeinworld",
              "Type": "Private"
            },
            "timeouts": null,
            "vpc_id": "vpc-07460b6564bffec4d"
          },
          "sensitive_attributes": [],
          "identity_schema_version": 0,
          "private": "eyJlMmJmYjczMC1lY2FhLTExZTYtOGY4OC0zNDM2M2JjN2M0YzAiOnsiY3JlYXRlIjo2MDAwMDAwMDAwMDAsImRlbGV0ZSI6MTIwMDAwMDAwMDAwMH0sInNjaGVtYV92ZXJzaW9uIjoiMSJ9",
          "dependencies": [
            "aws_vpc.main",
            "data.aws_availability_zones.available"
          ]
        }
      ]
    },
    {
      "mode": "managed",
      "type": "aws_subnet",
      "name": "public",
      "provider": "provider[\"registry.terraform.io/hashicorp/aws\"]",
      "instances": [
        {
          "index_key": 0,
          "schema_version": 1,
          "attributes": {
            "arn": "arn:aws:ec2:eu-central-1:834076182408:subnet/subnet-0ccdcfd4c0f22a032",
            "assign_ipv6_address_on_creation": false,
            "availability_zone": "eu-central-1a",
            "availability_zone_id": "euc1-az2",
            "cidr_block": "10.0.1.0/24",
            "customer_owned_ipv4_pool": "",
            "enable_dns64": false,
            "enable_lni_at_device_index": 0,
            "enable_resource_name_dns_a_record_on_launch": false,
            "enable_resource_name_dns_aaaa_record_on_launch": false,
            "id": "subnet-0ccdcfd4c0f22a032",
            "ipv6_cidr_block": "",
            "ipv6_cidr_block_association_id": "",
            "ipv6_native": false,
            "map_customer_owned_ip_on_launch": false,
            "map_public_ip_on_launch": true,
            "outpost_arn": "",
            "owner_id": "834076182408",
            "private_dns_hostname_type_on_launch": "ip-name",
            "tags": {
              "Environment": "dev",
              "Name": "madeinworld-dev-public-subnet-1",
              "Project": "madeinworld",
              "Type": "Public"
            },
            "tags_all": {
              "Environment": "dev",
              "Name": "madeinworld-dev-public-subnet-1",
              "Project": "madeinworld",
              "Type": "Public"
            },
            "timeouts": null,
            "vpc_id": "vpc-07460b6564bffec4d"
          },
          "sensitive_attributes": [],
          "identity_schema_version": 0,
          "private": "eyJlMmJmYjczMC1lY2FhLTExZTYtOGY4OC0zNDM2M2JjN2M0YzAiOnsiY3JlYXRlIjo2MDAwMDAwMDAwMDAsImRlbGV0ZSI6MTIwMDAwMDAwMDAwMH0sInNjaGVtYV92ZXJzaW9uIjoiMSJ9",
          "dependencies": [
            "aws_vpc.main",
            "data.aws_availability_zones.available"
          ]
        },
        {
          "index_key": 1,
          "schema_version": 1,
          "attributes": {
            "arn": "arn:aws:ec2:eu-central-1:834076182408:subnet/subnet-048d8ab46a9770520",
            "assign_ipv6_address_on_creation": false,
            "availability_zone": "eu-central-1b",
            "availability_zone_id": "euc1-az3",
            "cidr_block": "10.0.2.0/24",
            "customer_owned_ipv4_pool": "",
            "enable_dns64": false,
            "enable_lni_at_device_index": 0,
            "enable_resource_name_dns_a_record_on_launch": false,
            "enable_resource_name_dns_aaaa_record_on_launch": false,
            "id": "subnet-048d8ab46a9770520",
            "ipv6_cidr_block": "",
            "ipv6_cidr_block_association_id": "",
            "ipv6_native": false,
            "map_customer_owned_ip_on_launch": false,
            "map_public_ip_on_launch": true,
            "outpost_arn": "",
            "owner_id": "834076182408",
            "private_dns_hostname_type_on_launch": "ip-name",
            "tags": {
              "Environment": "dev",
              "Name": "madeinworld-dev-public-subnet-2",
              "Project": "madeinworld",
              "Type": "Public"
            },
            "tags_all": {
              "Environment": "dev",
              "Name": "madeinworld-dev-public-subnet-2",
              "Project": "madeinworld",
              "Type": "Public"
            },
            "timeouts": null,
            "vpc_id": "vpc-07460b6564bffec4d"
          },
          "sensitive_attributes": [],
          "identity_schema_version": 0,
          "private": "eyJlMmJmYjczMC1lY2FhLTExZTYtOGY4OC0zNDM2M2JjN2M0YzAiOnsiY3JlYXRlIjo2MDAwMDAwMDAwMDAsImRlbGV0ZSI6MTIwMDAwMDAwMDAwMH0sInNjaGVtYV92ZXJzaW9uIjoiMSJ9",
          "dependencies": [
            "aws_vpc.main",
            "data.aws_availability_zones.available"
          ]
        }
      ]
    },
    {
      "mode": "managed",
      "type": "aws_vpc",
      "name": "main",
      "provider": "provider[\"registry.terraform.io/hashicorp/aws\"]",
      "instances": [
        {
          "schema_version": 1,
          "attributes": {
            "arn": "arn:aws:ec2:eu-central-1:834076182408:vpc/vpc-07460b6564bffec4d",
            "assign_generated_ipv6_cidr_block": false,
            "cidr_block": "10.0.0.0/16",
            "default_network_acl_id": "acl-0af98b7ed16270f0b",
            "default_route_table_id": "rtb-02e998842506a4444",
            "default_security_group_id": "sg-059cac46a0281334e",
            "dhcp_options_id": "dopt-077636f2a0263ae4f",
            "enable_dns_hostnames": true,
            "enable_dns_support": true,
            "enable_network_address_usage_metrics": false,
            "id": "vpc-07460b6564bffec4d",
            "instance_tenancy": "default",
            "ipv4_ipam_pool_id": null,
            "ipv4_netmask_length": null,
            "ipv6_association_id": "",
            "ipv6_cidr_block": "",
            "ipv6_cidr_block_network_border_group": "",
            "ipv6_ipam_pool_id": "",
            "ipv6_netmask_length": 0,
            "main_route_table_id": "rtb-02e998842506a4444",
            "owner_id": "834076182408",
            "tags": {
              "Environment": "dev",
              "Name": "madeinworld-dev-vpc",
              "Project": "madeinworld"
            },
            "tags_all": {
              "Environment": "dev",
              "Name": "madeinworld-dev-vpc",
              "Project": "madeinworld"
            }
          },
          "sensitive_attributes": [],
          "identity_schema_version": 0,
          "private": "eyJzY2hlbWFfdmVyc2lvbiI6IjEifQ=="
        }
      ]
    }
  ],
  "check_results": null
}
