{
  "version": 4,
  "terraform_version": "1.12.2",
  "serial": 302,
  "lineage": "253edc55-c5cd-0b9d-db94-0ec78ced7d9f",
  "outputs": {
    "ecr_repository_name": {
      "value": "madeinworld/catalog-service",
      "type": "string"
    },
    "ecr_repository_url": {
      "value": "834076182408.dkr.ecr.eu-central-1.amazonaws.com/madeinworld/catalog-service",
      "type": "string"
    },
    "eks_cluster_arn": {
      "value": "arn:aws:eks:eu-central-1:834076182408:cluster/madeinworld-dev-cluster",
      "type": "string"
    },
    "eks_cluster_certificate_authority_data": {
      "value": "LS0tLS1CRUdJTiBDRVJUSUZJQ0FURS0tLS0tCk1JSURCVENDQWUyZ0F3SUJBZ0lJRjhBNks2SW1KVHd3RFFZSktvWklodmNOQVFFTEJRQXdGVEVUTUJFR0ExVUUKQXhNS2EzVmlaWEp1WlhSbGN6QWVGdzB5TlRBMk1qTXhOek0wTlRaYUZ3MHpOVEEyTWpFeE56TTVOVFphTUJVeApFekFSQmdOVkJBTVRDbXQxWW1WeWJtVjBaWE13Z2dFaU1BMEdDU3FHU0liM0RRRUJBUVVBQTRJQkR3QXdnZ0VLCkFvSUJBUUN0dEtKNnIvSlFWTWxvRmdQaEpaVG5FQUFRWmJERHBFWjJYTytIblI0RitTZmZzQ25VNHh1Y0dTZXcKVnFraS9Nc3FxR3hyZkMyWTB2WVVaL0ZOdFBLcWNWOU4zd2JPTXQrVXBtb1pnbXE4K2xXNzIwYXVBbDFIRENxZgp3WG8xZzV1b0djenA2N3o4ZVA0cS9LQVVxQjVkMkVtWFIyQzBESnRLbjY5L05ncDNKc0FLdmtzVHFTbG80MzlVClVFb1FwVmFvZi9qejMrNGJtRkhZWHcxTGRTaUJSNkVwZ05sbW54UCtVeWYvRnNsQ3lMWjQwaTA3Y2U2L05QWkUKTTNZYWFYbEl0WE5kcGZwei80OVhqWUdTNlpWeU9DN2RTY29ucXNuaXBSdDJlYmI5YzkvdWt1ZHM2MlVvcmJlbQpXOFhTUkxXSTZwcTU3eFZzWkR1b2IwMzZza1luQWdNQkFBR2pXVEJYTUE0R0ExVWREd0VCL3dRRUF3SUNwREFQCkJnTlZIUk1CQWY4RUJUQURBUUgvTUIwR0ExVWREZ1FXQkJRemVuWWxqcWJ0V3U5a2V3RmJPblhoTFpFQkpEQVYKQmdOVkhSRUVEakFNZ2dwcmRXSmxjbTVsZEdWek1BMEdDU3FHU0liM0RRRUJDd1VBQTRJQkFRQXVESmlNTUNGMwpXcHdsbzBkQVhiVnJkQlc3OTVWZnFlQWJmeWNPa1JMYStRZmtJd2o3NzAxbzFkc3RzODdrV2ZtOUNDYVB6ejZiClZMV2VEMmVsaGtZdTlrcFJaZDgxM0hZcE1kQTRDcDlzNFd3MXNFMGtWWmFrbWVjWWQ1MTFmNjdIZjlUbjNZTksKN3I0NWlpSFBzaFFJUFhRbGhSR0hiYkt3N0pHYVkrQ1hSd3N3eGZzYXl6SVlLcVQvSWZSTU9ROEwzTzdwV2JMUQp1ZmIwOEprbDd3VmZiZ0tlbjVEVTI0MzBhL1ZXRmFiQ3JYRURLTTdwYXRQY3AyVUw0YzRVU1RDd05qazgwdXFtCitsNmRVMVNtZ2RoU21lNlZWc1BLTHV4KzAyTTJrRW9Xc1BQNjhYMnowSmZ2VkJ5V1dPVnhVaFBwcmRlOWIyaWYKVzFUeUdlck5WbDk1Ci0tLS0tRU5EIENFUlRJRklDQVRFLS0tLS0K",
      "type": "string"
    },
    "eks_cluster_endpoint": {
      "value": "https://AB9DD7F1053789915ED36EE4A30CFA26.gr7.eu-central-1.eks.amazonaws.com",
      "type": "string"
    },
    "eks_cluster_iam_role_arn": {
      "value": "arn:aws:iam::834076182408:role/madeinworld-dev-eks-cluster-role",
      "type": "string"
    },
    "eks_cluster_iam_role_name": {
      "value": "madeinworld-dev-eks-cluster-role",
      "type": "string"
    },
    "eks_cluster_id": {
      "value": "madeinworld-dev-cluster",
      "type": "string"
    },
    "eks_cluster_security_group_id": {
      "value": "sg-0c718e727d67ae8f3",
      "type": "string"
    },
    "eks_cluster_version": {
      "value": "1.32",
      "type": "string"
    },
    "eks_node_group_arn": {
      "value": "arn:aws:eks:eu-central-1:834076182408:nodegroup/madeinworld-dev-cluster/madeinworld-dev-node-group/3acbcef1-f348-9c01-7d7a-33dce8d1c076",
      "type": "string"
    },
    "eks_node_group_status": {
      "value": "ACTIVE",
      "type": "string"
    },
    "eks_nodes_security_group_id": {
      "value": "sg-0fee77d8fe50f2ccb",
      "type": "string"
    },
    "environment": {
      "value": "dev",
      "type": "string"
    },
    "internet_gateway_id": {
      "value": "igw-03f3d6f79b6b2514a",
      "type": "string"
    },
    "nat_gateway_ids": {
      "value": [
        "nat-0538b86977a9085f2",
        "nat-061dc0579587fe671"
      ],
      "type": [
        "tuple",
        [
          "string",
          "string"
        ]
      ]
    },
    "private_subnet_ids": {
      "value": [
        "subnet-090a31fc429976f65",
        "subnet-03fa44b711a9e4cc1"
      ],
      "type": [
        "tuple",
        [
          "string",
          "string"
        ]
      ]
    },
    "project_name": {
      "value": "madeinworld",
      "type": "string"
    },
    "public_subnet_ids": {
      "value": [
        "subnet-0e61f4628779e03a9",
        "subnet-018d7ed145bbd1452"
      ],
      "type": [
        "tuple",
        [
          "string",
          "string"
        ]
      ]
    },
    "rds_database_name": {
      "value": "madeinworld_db",
      "type": "string"
    },
    "rds_endpoint": {
      "value": "madeinworld-dev-db.c52e4w2moi2w.eu-central-1.rds.amazonaws.com:5432",
      "type": "string",
      "sensitive": true
    },
    "rds_port": {
      "value": 5432,
      "type": "number"
    },
    "rds_security_group_id": {
      "value": "sg-00db9116a81f583ea",
      "type": "string"
    },
    "rds_username": {
      "value": "madeinworld_admin",
      "type": "string",
      "sensitive": true
    },
    "region": {
      "value": "eu-central-1",
      "type": "string"
    },
    "vpc_cidr_block": {
      "value": "10.0.0.0/16",
      "type": "string"
    },
    "vpc_id": {
      "value": "vpc-0d13e5a52e896d2eb",
      "type": "string"
    }
  },
  "resources": [
    {
      "mode": "data",
      "type": "aws_availability_zones",
      "name": "available",
      "provider": "provider[\"registry.terraform.io/hashicorp/aws\"]",
      "instances": [
        {
          "schema_version": 0,
          "attributes": {
            "all_availability_zones": null,
            "exclude_names": null,
            "exclude_zone_ids": null,
            "filter": null,
            "group_names": [
              "eu-central-1-zg-1"
            ],
            "id": "eu-central-1",
            "names": [
              "eu-central-1a",
              "eu-central-1b",
              "eu-central-1c"
            ],
            "state": "available",
            "timeouts": null,
            "zone_ids": [
              "euc1-az2",
              "euc1-az3",
              "euc1-az1"
            ]
          },
          "sensitive_attributes": [],
          "identity_schema_version": 0
        }
      ]
    },
    {
      "mode": "data",
      "type": "aws_caller_identity",
      "name": "current",
      "provider": "provider[\"registry.terraform.io/hashicorp/aws\"]",
      "instances": [
        {
          "schema_version": 0,
          "attributes": {
            "account_id": "834076182408",
            "arn": "arn:aws:sts::834076182408:assumed-role/AWSReservedSSO_MadeInWorld-Admin_703cae4dc88782b6/madeinworld-admin",
            "id": "834076182408",
            "user_id": "AROA4EMWQQ6EMMZMLROWW:madeinworld-admin"
          },
          "sensitive_attributes": [],
          "identity_schema_version": 0
        }
      ]
    },
    {
      "mode": "data",
      "type": "aws_secretsmanager_secret",
      "name": "db_password",
      "provider": "provider[\"registry.terraform.io/hashicorp/aws\"]",
      "instances": [
        {
          "schema_version": 0,
          "attributes": {
            "arn": "arn:aws:secretsmanager:eu-central-1:834076182408:secret:madeinworld-db-password-uyzsT6",
            "created_date": "2025-06-21T19:16:50Z",
            "description": "",
            "id": "arn:aws:secretsmanager:eu-central-1:834076182408:secret:madeinworld-db-password-uyzsT6",
            "kms_key_id": "",
            "last_changed_date": "2025-06-21T19:16:50Z",
            "name": "madeinworld-db-password",
            "policy": "",
            "tags": {}
          },
          "sensitive_attributes": [],
          "identity_schema_version": 0
        }
      ]
    },
    {
      "mode": "data",
      "type": "aws_secretsmanager_secret_version",
      "name": "db_password",
      "provider": "provider[\"registry.terraform.io/hashicorp/aws\"]",
      "instances": [
        {
          "schema_version": 0,
          "attributes": {
            "arn": "arn:aws:secretsmanager:eu-central-1:834076182408:secret:madeinworld-db-password-uyzsT6",
            "created_date": "2025-06-21T19:16:50Z",
            "id": "arn:aws:secretsmanager:eu-central-1:834076182408:secret:madeinworld-db-password-uyzsT6|AWSCURRENT",
            "secret_binary": "",
            "secret_id": "arn:aws:secretsmanager:eu-central-1:834076182408:secret:madeinworld-db-password-uyzsT6",
            "secret_string": "{\"password\":\"MadeInWorldsss2005!?\"}",
            "version_id": "ef2f8538-232c-4f27-b941-76feb73f3ee2",
            "version_stage": "AWSCURRENT",
            "version_stages": [
              "AWSCURRENT"
            ]
          },
          "sensitive_attributes": [
            [
              {
                "type": "get_attr",
                "value": "secret_binary"
              }
            ],
            [
              {
                "type": "get_attr",
                "value": "secret_string"
              }
            ]
          ],
          "identity_schema_version": 0
        }
      ]
    },
    {
      "mode": "managed",
      "type": "aws_db_instance",
      "name": "main",
      "provider": "provider[\"registry.terraform.io/hashicorp/aws\"]",
      "instances": [
        {
          "schema_version": 2,
          "attributes": {
            "address": "madeinworld-dev-db.c52e4w2moi2w.eu-central-1.rds.amazonaws.com",
            "allocated_storage": 20,
            "allow_major_version_upgrade": null,
            "apply_immediately": false,
            "arn": "arn:aws:rds:eu-central-1:834076182408:db:madeinworld-dev-db",
            "auto_minor_version_upgrade": true,
            "availability_zone": "eu-central-1a",
            "backup_retention_period": 7,
            "backup_target": "region",
            "backup_window": "03:00-04:00",
            "blue_green_update": [],
            "ca_cert_identifier": "rds-ca-rsa2048-g1",
            "character_set_name": "",
            "copy_tags_to_snapshot": false,
            "custom_iam_instance_profile": "",
            "customer_owned_ip_enabled": false,
            "database_insights_mode": "standard",
            "db_name": "madeinworld_db",
            "db_subnet_group_name": "madeinworld-dev-db-subnet-group",
            "dedicated_log_volume": false,
            "delete_automated_backups": true,
            "deletion_protection": false,
            "domain": "",
            "domain_auth_secret_arn": "",
            "domain_dns_ips": null,
            "domain_fqdn": "",
            "domain_iam_role_name": "",
            "domain_ou": "",
            "enabled_cloudwatch_logs_exports": null,
            "endpoint": "madeinworld-dev-db.c52e4w2moi2w.eu-central-1.rds.amazonaws.com:5432",
            "engine": "postgres",
            "engine_lifecycle_support": "open-source-rds-extended-support",
            "engine_version": "16.9",
            "engine_version_actual": "16.9",
            "final_snapshot_identifier": null,
            "hosted_zone_id": "Z1RLNUO7B9Q6NB",
            "iam_database_authentication_enabled": false,
            "id": "db-LQ7G6MNBM24NKHU5M2SB62LGGQ",
            "identifier": "madeinworld-dev-db",
            "identifier_prefix": "",
            "instance_class": "db.t3.micro",
            "iops": 0,
            "kms_key_id": "arn:aws:kms:eu-central-1:834076182408:key/f600c7f8-6aa2-4f97-bd42-907547677c67",
            "latest_restorable_time": "2025-06-23T17:53:15Z",
            "license_model": "postgresql-license",
            "listener_endpoint": [],
            "maintenance_window": "sun:04:00-sun:05:00",
            "manage_master_user_password": null,
            "master_user_secret": [],
            "master_user_secret_kms_key_id": null,
            "max_allocated_storage": 100,
            "monitoring_interval": 0,
            "monitoring_role_arn": "",
            "multi_az": false,
            "nchar_character_set_name": "",
            "network_type": "IPV4",
            "option_group_name": "default:postgres-16",
            "parameter_group_name": "default.postgres16",
            "password": "MadeInWorldsss2005!?",
            "password_wo": null,
            "password_wo_version": null,
            "performance_insights_enabled": false,
            "performance_insights_kms_key_id": "",
            "performance_insights_retention_period": 0,
            "port": 5432,
            "publicly_accessible": false,
            "replica_mode": "",
            "replicas": [],
            "replicate_source_db": "",
            "resource_id": "db-LQ7G6MNBM24NKHU5M2SB62LGGQ",
            "restore_to_point_in_time": [],
            "s3_import": [],
            "skip_final_snapshot": true,
            "snapshot_identifier": null,
            "status": "available",
            "storage_encrypted": true,
            "storage_throughput": 0,
            "storage_type": "gp2",
            "tags": {
              "Environment": "dev",
              "Name": "madeinworld-dev-db",
              "Project": "madeinworld"
            },
            "tags_all": {
              "Environment": "dev",
              "Name": "madeinworld-dev-db",
              "Project": "madeinworld"
            },
            "timeouts": null,
            "timezone": "",
            "upgrade_storage_config": null,
            "username": "madeinworld_admin",
            "vpc_security_group_ids": [
              "sg-00db9116a81f583ea"
            ]
          },
          "sensitive_attributes": [
            [
              {
                "type": "get_attr",
                "value": "password"
              }
            ],
            [
              {
                "type": "get_attr",
                "value": "password_wo"
              }
            ]
          ],
          "identity_schema_version": 0,
          "private": "eyJlMmJmYjczMC1lY2FhLTExZTYtOGY4OC0zNDM2M2JjN2M0YzAiOnsiY3JlYXRlIjozMDAwMDAwMDAwMDAwLCJkZWxldGUiOjM2MDAwMDAwMDAwMDAsInVwZGF0ZSI6NDgwMDAwMDAwMDAwMH0sInNjaGVtYV92ZXJzaW9uIjoiMiJ9",
          "dependencies": [
            "aws_db_subnet_group.main",
            "aws_security_group.eks_cluster",
            "aws_security_group.eks_nodes",
            "aws_security_group.rds",
            "aws_subnet.private",
            "aws_subnet.public",
            "aws_vpc.main",
            "data.aws_availability_zones.available",
            "data.aws_secretsmanager_secret.db_password",
            "data.aws_secretsmanager_secret_version.db_password"
          ]
        }
      ]
    },
    {
      "mode": "managed",
      "type": "aws_db_subnet_group",
      "name": "main",
      "provider": "provider[\"registry.terraform.io/hashicorp/aws\"]",
      "instances": [
        {
          "schema_version": 0,
          "attributes": {
            "arn": "arn:aws:rds:eu-central-1:834076182408:subgrp:madeinworld-dev-db-subnet-group",
            "description": "Managed by Terraform",
            "id": "madeinworld-dev-db-subnet-group",
            "name": "madeinworld-dev-db-subnet-group",
            "name_prefix": "",
            "subnet_ids": [
              "subnet-018d7ed145bbd1452",
              "subnet-03fa44b711a9e4cc1",
              "subnet-090a31fc429976f65",
              "subnet-0e61f4628779e03a9"
            ],
            "supported_network_types": [
              "IPV4"
            ],
            "tags": {
              "Environment": "dev",
              "Name": "madeinworld-dev-db-subnet-group",
              "Project": "madeinworld"
            },
            "tags_all": {
              "Environment": "dev",
              "Name": "madeinworld-dev-db-subnet-group",
              "Project": "madeinworld"
            },
            "vpc_id": "vpc-0d13e5a52e896d2eb"
          },
          "sensitive_attributes": [],
          "identity_schema_version": 0,
          "private": "bnVsbA==",
          "dependencies": [
            "aws_subnet.private",
            "aws_subnet.public",
            "aws_vpc.main",
            "data.aws_availability_zones.available"
          ]
        }
      ]
    },
    {
      "mode": "managed",
      "type": "aws_ecr_repository",
      "name": "catalog_service",
      "provider": "provider[\"registry.terraform.io/hashicorp/aws\"]",
      "instances": [
        {
          "schema_version": 0,
          "attributes": {
            "arn": "arn:aws:ecr:eu-central-1:834076182408:repository/madeinworld/catalog-service",
            "encryption_configuration": [
              {
                "encryption_type": "AES256",
                "kms_key": ""
              }
            ],
            "force_delete": null,
            "id": "madeinworld/catalog-service",
            "image_scanning_configuration": [
              {
                "scan_on_push": true
              }
            ],
            "image_tag_mutability": "MUTABLE",
            "name": "madeinworld/catalog-service",
            "registry_id": "834076182408",
            "repository_url": "834076182408.dkr.ecr.eu-central-1.amazonaws.com/madeinworld/catalog-service",
            "tags": {
              "Environment": "dev",
              "Name": "madeinworld-dev-catalog-service-ecr",
              "Project": "madeinworld"
            },
            "tags_all": {
              "Environment": "dev",
              "Name": "madeinworld-dev-catalog-service-ecr",
              "Project": "madeinworld"
            },
            "timeouts": null
          },
          "sensitive_attributes": [],
          "identity_schema_version": 0,
          "private": "eyJlMmJmYjczMC1lY2FhLTExZTYtOGY4OC0zNDM2M2JjN2M0YzAiOnsiZGVsZXRlIjoxMjAwMDAwMDAwMDAwfX0="
        }
      ]
    },
    {
      "mode": "managed",
      "type": "aws_ecr_repository_policy",
      "name": "catalog_service",
      "provider": "provider[\"registry.terraform.io/hashicorp/aws\"]",
      "instances": [
        {
          "schema_version": 0,
          "attributes": {
            "id": "madeinworld/catalog-service",
            "policy": "{\"Statement\":[{\"Action\":[\"ecr:GetDownloadUrlForLayer\",\"ecr:BatchGetImage\",\"ecr:BatchCheckLayerAvailability\",\"ecr:PutImage\",\"ecr:InitiateLayerUpload\",\"ecr:UploadLayerPart\",\"ecr:CompleteLayerUpload\"],\"Effect\":\"Allow\",\"Principal\":{\"AWS\":[\"arn:aws:iam::834076182408:role/madeinworld-dev-eks-node-group-role\",\"arn:aws:iam::834076182408:root\"]},\"Sid\":\"AllowPushPull\"}],\"Version\":\"2012-10-17\"}",
            "registry_id": "834076182408",
            "repository": "madeinworld/catalog-service"
          },
          "sensitive_attributes": [],
          "identity_schema_version": 0,
          "private": "bnVsbA==",
          "dependencies": [
            "aws_ecr_repository.catalog_service",
            "aws_iam_role.eks_nodes",
            "data.aws_caller_identity.current"
          ]
        }
      ]
    },
    {
      "mode": "managed",
      "type": "aws_eip",
      "name": "nat",
      "provider": "provider[\"registry.terraform.io/hashicorp/aws\"]",
      "instances": [
        {
          "index_key": 0,
          "schema_version": 0,
          "attributes": {
            "address": null,
            "allocation_id": "eipalloc-04b0e73eb54b018b3",
            "arn": "arn:aws:ec2:eu-central-1:834076182408:elastic-ip/eipalloc-04b0e73eb54b018b3",
            "associate_with_private_ip": null,
            "association_id": "eipassoc-0e647d9290c4c1893",
            "carrier_ip": "",
            "customer_owned_ip": "",
            "customer_owned_ipv4_pool": "",
            "domain": "vpc",
            "id": "eipalloc-04b0e73eb54b018b3",
            "instance": "",
            "ipam_pool_id": null,
            "network_border_group": "eu-central-1",
            "network_interface": "eni-098247784eb556c3e",
            "private_dns": "ip-10-0-1-144.eu-central-1.compute.internal",
            "private_ip": "10.0.1.144",
            "ptr_record": "",
            "public_dns": "ec2-52-29-229-104.eu-central-1.compute.amazonaws.com",
            "public_ip": "52.29.229.104",
            "public_ipv4_pool": "amazon",
            "tags": {
              "Environment": "dev",
              "Name": "madeinworld-dev-nat-eip-1",
              "Project": "madeinworld"
            },
            "tags_all": {
              "Environment": "dev",
              "Name": "madeinworld-dev-nat-eip-1",
              "Project": "madeinworld"
            },
            "timeouts": null,
            "vpc": true
          },
          "sensitive_attributes": [],
          "identity_schema_version": 0,
          "private": "eyJlMmJmYjczMC1lY2FhLTExZTYtOGY4OC0zNDM2M2JjN2M0YzAiOnsiZGVsZXRlIjoxODAwMDAwMDAwMDAsInJlYWQiOjkwMDAwMDAwMDAwMCwidXBkYXRlIjozMDAwMDAwMDAwMDB9fQ==",
          "dependencies": [
            "aws_internet_gateway.main",
            "aws_vpc.main"
          ]
        },
        {
          "index_key": 1,
          "schema_version": 0,
          "attributes": {
            "address": null,
            "allocation_id": "eipalloc-0b359b6ed67435420",
            "arn": "arn:aws:ec2:eu-central-1:834076182408:elastic-ip/eipalloc-0b359b6ed67435420",
            "associate_with_private_ip": null,
            "association_id": "eipassoc-0d198255323856b35",
            "carrier_ip": "",
            "customer_owned_ip": "",
            "customer_owned_ipv4_pool": "",
            "domain": "vpc",
            "id": "eipalloc-0b359b6ed67435420",
            "instance": "",
            "ipam_pool_id": null,
            "network_border_group": "eu-central-1",
            "network_interface": "eni-031e7b6c895991b35",
            "private_dns": "ip-10-0-2-59.eu-central-1.compute.internal",
            "private_ip": "10.0.2.59",
            "ptr_record": "",
            "public_dns": "ec2-3-79-133-247.eu-central-1.compute.amazonaws.com",
            "public_ip": "3.79.133.247",
            "public_ipv4_pool": "amazon",
            "tags": {
              "Environment": "dev",
              "Name": "madeinworld-dev-nat-eip-2",
              "Project": "madeinworld"
            },
            "tags_all": {
              "Environment": "dev",
              "Name": "madeinworld-dev-nat-eip-2",
              "Project": "madeinworld"
            },
            "timeouts": null,
            "vpc": true
          },
          "sensitive_attributes": [],
          "identity_schema_version": 0,
          "private": "eyJlMmJmYjczMC1lY2FhLTExZTYtOGY4OC0zNDM2M2JjN2M0YzAiOnsiZGVsZXRlIjoxODAwMDAwMDAwMDAsInJlYWQiOjkwMDAwMDAwMDAwMCwidXBkYXRlIjozMDAwMDAwMDAwMDB9fQ==",
          "dependencies": [
            "aws_internet_gateway.main",
            "aws_vpc.main"
          ]
        }
      ]
    },
    {
      "mode": "managed",
      "type": "aws_eks_cluster",
      "name": "main",
      "provider": "provider[\"registry.terraform.io/hashicorp/aws\"]",
      "instances": [
        {
          "schema_version": 1,
          "attributes": {
            "access_config": [
              {
                "authentication_mode": "CONFIG_MAP",
                "bootstrap_cluster_creator_admin_permissions": true
              }
            ],
            "arn": "arn:aws:eks:eu-central-1:834076182408:cluster/madeinworld-dev-cluster",
            "bootstrap_self_managed_addons": true,
            "certificate_authority": [
              {
                "data": "LS0tLS1CRUdJTiBDRVJUSUZJQ0FURS0tLS0tCk1JSURCVENDQWUyZ0F3SUJBZ0lJRjhBNks2SW1KVHd3RFFZSktvWklodmNOQVFFTEJRQXdGVEVUTUJFR0ExVUUKQXhNS2EzVmlaWEp1WlhSbGN6QWVGdzB5TlRBMk1qTXhOek0wTlRaYUZ3MHpOVEEyTWpFeE56TTVOVFphTUJVeApFekFSQmdOVkJBTVRDbXQxWW1WeWJtVjBaWE13Z2dFaU1BMEdDU3FHU0liM0RRRUJBUVVBQTRJQkR3QXdnZ0VLCkFvSUJBUUN0dEtKNnIvSlFWTWxvRmdQaEpaVG5FQUFRWmJERHBFWjJYTytIblI0RitTZmZzQ25VNHh1Y0dTZXcKVnFraS9Nc3FxR3hyZkMyWTB2WVVaL0ZOdFBLcWNWOU4zd2JPTXQrVXBtb1pnbXE4K2xXNzIwYXVBbDFIRENxZgp3WG8xZzV1b0djenA2N3o4ZVA0cS9LQVVxQjVkMkVtWFIyQzBESnRLbjY5L05ncDNKc0FLdmtzVHFTbG80MzlVClVFb1FwVmFvZi9qejMrNGJtRkhZWHcxTGRTaUJSNkVwZ05sbW54UCtVeWYvRnNsQ3lMWjQwaTA3Y2U2L05QWkUKTTNZYWFYbEl0WE5kcGZwei80OVhqWUdTNlpWeU9DN2RTY29ucXNuaXBSdDJlYmI5YzkvdWt1ZHM2MlVvcmJlbQpXOFhTUkxXSTZwcTU3eFZzWkR1b2IwMzZza1luQWdNQkFBR2pXVEJYTUE0R0ExVWREd0VCL3dRRUF3SUNwREFQCkJnTlZIUk1CQWY4RUJUQURBUUgvTUIwR0ExVWREZ1FXQkJRemVuWWxqcWJ0V3U5a2V3RmJPblhoTFpFQkpEQVYKQmdOVkhSRUVEakFNZ2dwcmRXSmxjbTVsZEdWek1BMEdDU3FHU0liM0RRRUJDd1VBQTRJQkFRQXVESmlNTUNGMwpXcHdsbzBkQVhiVnJkQlc3OTVWZnFlQWJmeWNPa1JMYStRZmtJd2o3NzAxbzFkc3RzODdrV2ZtOUNDYVB6ejZiClZMV2VEMmVsaGtZdTlrcFJaZDgxM0hZcE1kQTRDcDlzNFd3MXNFMGtWWmFrbWVjWWQ1MTFmNjdIZjlUbjNZTksKN3I0NWlpSFBzaFFJUFhRbGhSR0hiYkt3N0pHYVkrQ1hSd3N3eGZzYXl6SVlLcVQvSWZSTU9ROEwzTzdwV2JMUQp1ZmIwOEprbDd3VmZiZ0tlbjVEVTI0MzBhL1ZXRmFiQ3JYRURLTTdwYXRQY3AyVUw0YzRVU1RDd05qazgwdXFtCitsNmRVMVNtZ2RoU21lNlZWc1BLTHV4KzAyTTJrRW9Xc1BQNjhYMnowSmZ2VkJ5V1dPVnhVaFBwcmRlOWIyaWYKVzFUeUdlck5WbDk1Ci0tLS0tRU5EIENFUlRJRklDQVRFLS0tLS0K"
              }
            ],
            "cluster_id": null,
            "compute_config": [],
            "created_at": "2025-06-23T17:35:31Z",
            "enabled_cluster_log_types": [],
            "encryption_config": [],
            "endpoint": "https://AB9DD7F1053789915ED36EE4A30CFA26.gr7.eu-central-1.eks.amazonaws.com",
            "force_update_version": null,
            "id": "madeinworld-dev-cluster",
            "identity": [
              {
                "oidc": [
                  {
                    "issuer": "https://oidc.eks.eu-central-1.amazonaws.com/id/AB9DD7F1053789915ED36EE4A30CFA26"
                  }
                ]
              }
            ],
            "kubernetes_network_config": [
              {
                "elastic_load_balancing": [
                  {
                    "enabled": false
                  }
                ],
                "ip_family": "ipv4",
                "service_ipv4_cidr": "172.20.0.0/16",
                "service_ipv6_cidr": ""
              }
            ],
            "name": "madeinworld-dev-cluster",
            "outpost_config": [],
            "platform_version": "eks.12",
            "remote_network_config": [],
            "role_arn": "arn:aws:iam::834076182408:role/madeinworld-dev-eks-cluster-role",
            "status": "ACTIVE",
            "storage_config": [],
            "tags": {
              "Environment": "dev",
              "Name": "madeinworld-dev-cluster",
              "Project": "madeinworld"
            },
            "tags_all": {
              "Environment": "dev",
              "Name": "madeinworld-dev-cluster",
              "Project": "madeinworld"
            },
            "timeouts": null,
            "upgrade_policy": [
              {
                "support_type": "EXTENDED"
              }
            ],
            "version": "1.32",
            "vpc_config": [
              {
                "cluster_security_group_id": "sg-0c718e727d67ae8f3",
                "endpoint_private_access": true,
                "endpoint_public_access": true,
                "public_access_cidrs": [
                  "0.0.0.0/0"
                ],
                "security_group_ids": [
                  "sg-0744db0dad59915d3"
                ],
                "subnet_ids": [
                  "subnet-018d7ed145bbd1452",
                  "subnet-03fa44b711a9e4cc1",
                  "subnet-090a31fc429976f65",
                  "subnet-0e61f4628779e03a9"
                ],
                "vpc_id": "vpc-0d13e5a52e896d2eb"
              }
            ],
            "zonal_shift_config": []
          },
          "sensitive_attributes": [],
          "identity_schema_version": 0,
          "private": "eyJlMmJmYjczMC1lY2FhLTExZTYtOGY4OC0zNDM2M2JjN2M0YzAiOnsiY3JlYXRlIjoxODAwMDAwMDAwMDAwLCJkZWxldGUiOjkwMDAwMDAwMDAwMCwidXBkYXRlIjozNjAwMDAwMDAwMDAwfSwic2NoZW1hX3ZlcnNpb24iOiIxIn0=",
          "dependencies": [
            "aws_iam_role.eks_cluster",
            "aws_iam_role_policy_attachment.eks_cluster_policy",
            "aws_security_group.eks_cluster",
            "aws_subnet.private",
            "aws_subnet.public",
            "aws_vpc.main",
            "data.aws_availability_zones.available"
          ]
        }
      ]
    },
    {
      "mode": "managed",
      "type": "aws_eks_node_group",
      "name": "main",
      "provider": "provider[\"registry.terraform.io/hashicorp/aws\"]",
      "instances": [
        {
          "schema_version": 0,
          "attributes": {
            "ami_type": "AL2023_x86_64_STANDARD",
            "arn": "arn:aws:eks:eu-central-1:834076182408:nodegroup/madeinworld-dev-cluster/madeinworld-dev-node-group/3acbcef1-f348-9c01-7d7a-33dce8d1c076",
            "capacity_type": "ON_DEMAND",
            "cluster_name": "madeinworld-dev-cluster",
            "disk_size": 20,
            "force_update_version": null,
            "id": "madeinworld-dev-cluster:madeinworld-dev-node-group",
            "instance_types": [
              "t3.medium"
            ],
            "labels": {},
            "launch_template": [],
            "node_group_name": "madeinworld-dev-node-group",
            "node_group_name_prefix": "",
            "node_repair_config": [],
            "node_role_arn": "arn:aws:iam::834076182408:role/madeinworld-dev-eks-node-group-role",
            "release_version": "1.32.3-20250610",
            "remote_access": [],
            "resources": [
              {
                "autoscaling_groups": [
                  {
                    "name": "eks-madeinworld-dev-node-group-3acbcef1-f348-9c01-7d7a-33dce8d1c076"
                  }
                ],
                "remote_access_security_group_id": ""
              }
            ],
            "scaling_config": [
              {
                "desired_size": 2,
                "max_size": 4,
                "min_size": 1
              }
            ],
            "status": "ACTIVE",
            "subnet_ids": [
              "subnet-03fa44b711a9e4cc1",
              "subnet-090a31fc429976f65"
            ],
            "tags": {
              "Environment": "dev",
              "Name": "madeinworld-dev-node-group",
              "Project": "madeinworld"
            },
            "tags_all": {
              "Environment": "dev",
              "Name": "madeinworld-dev-node-group",
              "Project": "madeinworld"
            },
            "taint": [],
            "timeouts": null,
            "update_config": [
              {
                "max_unavailable": 1,
                "max_unavailable_percentage": 0
              }
            ],
            "version": "1.32"
          },
          "sensitive_attributes": [],
          "identity_schema_version": 0,
          "private": "eyJlMmJmYjczMC1lY2FhLTExZTYtOGY4OC0zNDM2M2JjN2M0YzAiOnsiY3JlYXRlIjozNjAwMDAwMDAwMDAwLCJkZWxldGUiOjM2MDAwMDAwMDAwMDAsInVwZGF0ZSI6MzYwMDAwMDAwMDAwMH19",
          "dependencies": [
            "aws_eks_cluster.main",
            "aws_iam_role.eks_cluster",
            "aws_iam_role.eks_nodes",
            "aws_iam_role_policy_attachment.eks_cluster_policy",
            "aws_iam_role_policy_attachment.eks_cni_policy",
            "aws_iam_role_policy_attachment.eks_container_registry_policy",
            "aws_iam_role_policy_attachment.eks_worker_node_policy",
            "aws_security_group.eks_cluster",
            "aws_subnet.private",
            "aws_subnet.public",
            "aws_vpc.main",
            "data.aws_availability_zones.available"
          ]
        }
      ]
    },
    {
      "mode": "managed",
      "type": "aws_iam_role",
      "name": "eks_cluster",
      "provider": "provider[\"registry.terraform.io/hashicorp/aws\"]",
      "instances": [
        {
          "schema_version": 0,
          "attributes": {
            "arn": "arn:aws:iam::834076182408:role/madeinworld-dev-eks-cluster-role",
            "assume_role_policy": "{\"Statement\":[{\"Action\":\"sts:AssumeRole\",\"Effect\":\"Allow\",\"Principal\":{\"Service\":\"eks.amazonaws.com\"}}],\"Version\":\"2012-10-17\"}",
            "create_date": "2025-06-23T17:34:56Z",
            "description": "",
            "force_detach_policies": false,
            "id": "madeinworld-dev-eks-cluster-role",
            "inline_policy": [],
            "managed_policy_arns": [
              "arn:aws:iam::aws:policy/AmazonEKSClusterPolicy"
            ],
            "max_session_duration": 3600,
            "name": "madeinworld-dev-eks-cluster-role",
            "name_prefix": "",
            "path": "/",
            "permissions_boundary": "",
            "tags": {},
            "tags_all": {},
            "unique_id": "AROA4EMWQQ6EJIZTMEB2F"
          },
          "sensitive_attributes": [],
          "identity_schema_version": 0,
          "private": "bnVsbA=="
        }
      ]
    },
    {
      "mode": "managed",
      "type": "aws_iam_role",
      "name": "eks_nodes",
      "provider": "provider[\"registry.terraform.io/hashicorp/aws\"]",
      "instances": [
        {
          "schema_version": 0,
          "attributes": {
            "arn": "arn:aws:iam::834076182408:role/madeinworld-dev-eks-node-group-role",
            "assume_role_policy": "{\"Statement\":[{\"Action\":\"sts:AssumeRole\",\"Effect\":\"Allow\",\"Principal\":{\"Service\":\"ec2.amazonaws.com\"}}],\"Version\":\"2012-10-17\"}",
            "create_date": "2025-06-23T17:34:56Z",
            "description": "",
            "force_detach_policies": false,
            "id": "madeinworld-dev-eks-node-group-role",
            "inline_policy": [],
            "managed_policy_arns": [
              "arn:aws:iam::aws:policy/AmazonEC2ContainerRegistryReadOnly",
              "arn:aws:iam::aws:policy/AmazonEKSWorkerNodePolicy",
              "arn:aws:iam::aws:policy/AmazonEKS_CNI_Policy"
            ],
            "max_session_duration": 3600,
            "name": "madeinworld-dev-eks-node-group-role",
            "name_prefix": "",
            "path": "/",
            "permissions_boundary": "",
            "tags": {},
            "tags_all": {},
            "unique_id": "AROA4EMWQQ6EBOOS33EAG"
          },
          "sensitive_attributes": [],
          "identity_schema_version": 0,
          "private": "bnVsbA=="
        }
      ]
    },
    {
      "mode": "managed",
      "type": "aws_iam_role_policy_attachment",
      "name": "eks_cluster_policy",
      "provider": "provider[\"registry.terraform.io/hashicorp/aws\"]",
      "instances": [
        {
          "schema_version": 0,
          "attributes": {
            "id": "madeinworld-dev-eks-cluster-role-20250623173457924200000003",
            "policy_arn": "arn:aws:iam::aws:policy/AmazonEKSClusterPolicy",
            "role": "madeinworld-dev-eks-cluster-role"
          },
          "sensitive_attributes": [],
          "identity_schema_version": 0,
          "private": "bnVsbA==",
          "dependencies": [
            "aws_iam_role.eks_cluster"
          ]
        }
      ]
    },
    {
      "mode": "managed",
      "type": "aws_iam_role_policy_attachment",
      "name": "eks_cni_policy",
      "provider": "provider[\"registry.terraform.io/hashicorp/aws\"]",
      "instances": [
        {
          "schema_version": 0,
          "attributes": {
            "id": "madeinworld-dev-eks-node-group-role-20250623173457748100000002",
            "policy_arn": "arn:aws:iam::aws:policy/AmazonEKS_CNI_Policy",
            "role": "madeinworld-dev-eks-node-group-role"
          },
          "sensitive_attributes": [],
          "identity_schema_version": 0,
          "private": "bnVsbA==",
          "dependencies": [
            "aws_iam_role.eks_nodes"
          ]
        }
      ]
    },
    {
      "mode": "managed",
      "type": "aws_iam_role_policy_attachment",
      "name": "eks_container_registry_policy",
      "provider": "provider[\"registry.terraform.io/hashicorp/aws\"]",
      "instances": [
        {
          "schema_version": 0,
          "attributes": {
            "id": "madeinworld-dev-eks-node-group-role-20250623173457748000000001",
            "policy_arn": "arn:aws:iam::aws:policy/AmazonEC2ContainerRegistryReadOnly",
            "role": "madeinworld-dev-eks-node-group-role"
          },
          "sensitive_attributes": [],
          "identity_schema_version": 0,
          "private": "bnVsbA==",
          "dependencies": [
            "aws_iam_role.eks_nodes"
          ]
        }
      ]
    },
    {
      "mode": "managed",
      "type": "aws_iam_role_policy_attachment",
      "name": "eks_worker_node_policy",
      "provider": "provider[\"registry.terraform.io/hashicorp/aws\"]",
      "instances": [
        {
          "schema_version": 0,
          "attributes": {
            "id": "madeinworld-dev-eks-node-group-role-20250623173457935300000004",
            "policy_arn": "arn:aws:iam::aws:policy/AmazonEKSWorkerNodePolicy",
            "role": "madeinworld-dev-eks-node-group-role"
          },
          "sensitive_attributes": [],
          "identity_schema_version": 0,
          "private": "bnVsbA==",
          "dependencies": [
            "aws_iam_role.eks_nodes"
          ]
        }
      ]
    },
    {
      "mode": "managed",
      "type": "aws_internet_gateway",
      "name": "main",
      "provider": "provider[\"registry.terraform.io/hashicorp/aws\"]",
      "instances": [
        {
          "schema_version": 0,
          "attributes": {
            "arn": "arn:aws:ec2:eu-central-1:834076182408:internet-gateway/igw-03f3d6f79b6b2514a",
            "id": "igw-03f3d6f79b6b2514a",
            "owner_id": "834076182408",
            "tags": {
              "Environment": "dev",
              "Name": "madeinworld-dev-igw",
              "Project": "madeinworld"
            },
            "tags_all": {
              "Environment": "dev",
              "Name": "madeinworld-dev-igw",
              "Project": "madeinworld"
            },
            "timeouts": null,
            "vpc_id": "vpc-0d13e5a52e896d2eb"
          },
          "sensitive_attributes": [],
          "identity_schema_version": 0,
          "private": "eyJlMmJmYjczMC1lY2FhLTExZTYtOGY4OC0zNDM2M2JjN2M0YzAiOnsiY3JlYXRlIjoxMjAwMDAwMDAwMDAwLCJkZWxldGUiOjEyMDAwMDAwMDAwMDAsInVwZGF0ZSI6MTIwMDAwMDAwMDAwMH19",
          "dependencies": [
            "aws_vpc.main"
          ]
        }
      ]
    },
    {
      "mode": "managed",
      "type": "aws_nat_gateway",
      "name": "main",
      "provider": "provider[\"registry.terraform.io/hashicorp/aws\"]",
      "instances": [
        {
          "index_key": 0,
          "schema_version": 0,
          "attributes": {
            "allocation_id": "eipalloc-04b0e73eb54b018b3",
            "association_id": "eipassoc-0e647d9290c4c1893",
            "connectivity_type": "public",
            "id": "nat-0538b86977a9085f2",
            "network_interface_id": "eni-098247784eb556c3e",
            "private_ip": "10.0.1.144",
            "public_ip": "52.29.229.104",
            "secondary_allocation_ids": [],
            "secondary_private_ip_address_count": 0,
            "secondary_private_ip_addresses": [],
            "subnet_id": "subnet-0e61f4628779e03a9",
            "tags": {
              "Environment": "dev",
              "Name": "madeinworld-dev-nat-gw-1",
              "Project": "madeinworld"
            },
            "tags_all": {
              "Environment": "dev",
              "Name": "madeinworld-dev-nat-gw-1",
              "Project": "madeinworld"
            },
            "timeouts": null
          },
          "sensitive_attributes": [],
          "identity_schema_version": 0,
          "private": "eyJlMmJmYjczMC1lY2FhLTExZTYtOGY4OC0zNDM2M2JjN2M0YzAiOnsiY3JlYXRlIjo2MDAwMDAwMDAwMDAsImRlbGV0ZSI6MTgwMDAwMDAwMDAwMCwidXBkYXRlIjo2MDAwMDAwMDAwMDB9fQ==",
          "dependencies": [
            "aws_eip.nat",
            "aws_internet_gateway.main",
            "aws_subnet.public",
            "aws_vpc.main",
            "data.aws_availability_zones.available"
          ]
        },
        {
          "index_key": 1,
          "schema_version": 0,
          "attributes": {
            "allocation_id": "eipalloc-0b359b6ed67435420",
            "association_id": "eipassoc-0d198255323856b35",
            "connectivity_type": "public",
            "id": "nat-061dc0579587fe671",
            "network_interface_id": "eni-031e7b6c895991b35",
            "private_ip": "10.0.2.59",
            "public_ip": "3.79.133.247",
            "secondary_allocation_ids": [],
            "secondary_private_ip_address_count": 0,
            "secondary_private_ip_addresses": [],
            "subnet_id": "subnet-018d7ed145bbd1452",
            "tags": {
              "Environment": "dev",
              "Name": "madeinworld-dev-nat-gw-2",
              "Project": "madeinworld"
            },
            "tags_all": {
              "Environment": "dev",
              "Name": "madeinworld-dev-nat-gw-2",
              "Project": "madeinworld"
            },
            "timeouts": null
          },
          "sensitive_attributes": [],
          "identity_schema_version": 0,
          "private": "eyJlMmJmYjczMC1lY2FhLTExZTYtOGY4OC0zNDM2M2JjN2M0YzAiOnsiY3JlYXRlIjo2MDAwMDAwMDAwMDAsImRlbGV0ZSI6MTgwMDAwMDAwMDAwMCwidXBkYXRlIjo2MDAwMDAwMDAwMDB9fQ==",
          "dependencies": [
            "aws_eip.nat",
            "aws_internet_gateway.main",
            "aws_subnet.public",
            "aws_vpc.main",
            "data.aws_availability_zones.available"
          ]
        }
      ]
    },
    {
      "mode": "managed",
      "type": "aws_route_table",
      "name": "private",
      "provider": "provider[\"registry.terraform.io/hashicorp/aws\"]",
      "instances": [
        {
          "index_key": 0,
          "schema_version": 0,
          "attributes": {
            "arn": "arn:aws:ec2:eu-central-1:834076182408:route-table/rtb-0b98633c4b3fbc77a",
            "id": "rtb-0b98633c4b3fbc77a",
            "owner_id": "834076182408",
            "propagating_vgws": [],
            "route": [
              {
                "carrier_gateway_id": "",
                "cidr_block": "0.0.0.0/0",
                "core_network_arn": "",
                "destination_prefix_list_id": "",
                "egress_only_gateway_id": "",
                "gateway_id": "",
                "ipv6_cidr_block": "",
                "local_gateway_id": "",
                "nat_gateway_id": "nat-0538b86977a9085f2",
                "network_interface_id": "",
                "transit_gateway_id": "",
                "vpc_endpoint_id": "",
                "vpc_peering_connection_id": ""
              }
            ],
            "tags": {
              "Environment": "dev",
              "Name": "madeinworld-dev-private-rt-1",
              "Project": "madeinworld"
            },
            "tags_all": {
              "Environment": "dev",
              "Name": "madeinworld-dev-private-rt-1",
              "Project": "madeinworld"
            },
            "timeouts": null,
            "vpc_id": "vpc-0d13e5a52e896d2eb"
          },
          "sensitive_attributes": [],
          "identity_schema_version": 0,
          "private": "eyJlMmJmYjczMC1lY2FhLTExZTYtOGY4OC0zNDM2M2JjN2M0YzAiOnsiY3JlYXRlIjozMDAwMDAwMDAwMDAsImRlbGV0ZSI6MzAwMDAwMDAwMDAwLCJ1cGRhdGUiOjEyMDAwMDAwMDAwMH19",
          "dependencies": [
            "aws_eip.nat",
            "aws_internet_gateway.main",
            "aws_nat_gateway.main",
            "aws_subnet.public",
            "aws_vpc.main",
            "data.aws_availability_zones.available"
          ]
        },
        {
          "index_key": 1,
          "schema_version": 0,
          "attributes": {
            "arn": "arn:aws:ec2:eu-central-1:834076182408:route-table/rtb-0341d87f4e0c5cddc",
            "id": "rtb-0341d87f4e0c5cddc",
            "owner_id": "834076182408",
            "propagating_vgws": [],
            "route": [
              {
                "carrier_gateway_id": "",
                "cidr_block": "0.0.0.0/0",
                "core_network_arn": "",
                "destination_prefix_list_id": "",
                "egress_only_gateway_id": "",
                "gateway_id": "",
                "ipv6_cidr_block": "",
                "local_gateway_id": "",
                "nat_gateway_id": "nat-061dc0579587fe671",
                "network_interface_id": "",
                "transit_gateway_id": "",
                "vpc_endpoint_id": "",
                "vpc_peering_connection_id": ""
              }
            ],
            "tags": {
              "Environment": "dev",
              "Name": "madeinworld-dev-private-rt-2",
              "Project": "madeinworld"
            },
            "tags_all": {
              "Environment": "dev",
              "Name": "madeinworld-dev-private-rt-2",
              "Project": "madeinworld"
            },
            "timeouts": null,
            "vpc_id": "vpc-0d13e5a52e896d2eb"
          },
          "sensitive_attributes": [],
          "identity_schema_version": 0,
          "private": "eyJlMmJmYjczMC1lY2FhLTExZTYtOGY4OC0zNDM2M2JjN2M0YzAiOnsiY3JlYXRlIjozMDAwMDAwMDAwMDAsImRlbGV0ZSI6MzAwMDAwMDAwMDAwLCJ1cGRhdGUiOjEyMDAwMDAwMDAwMH19",
          "dependencies": [
            "aws_eip.nat",
            "aws_internet_gateway.main",
            "aws_nat_gateway.main",
            "aws_subnet.public",
            "aws_vpc.main",
            "data.aws_availability_zones.available"
          ]
        }
      ]
    },
    {
      "mode": "managed",
      "type": "aws_route_table",
      "name": "public",
      "provider": "provider[\"registry.terraform.io/hashicorp/aws\"]",
      "instances": [
        {
          "schema_version": 0,
          "attributes": {
            "arn": "arn:aws:ec2:eu-central-1:834076182408:route-table/rtb-052fd3715c7f9e2c4",
            "id": "rtb-052fd3715c7f9e2c4",
            "owner_id": "834076182408",
            "propagating_vgws": [],
            "route": [
              {
                "carrier_gateway_id": "",
                "cidr_block": "0.0.0.0/0",
                "core_network_arn": "",
                "destination_prefix_list_id": "",
                "egress_only_gateway_id": "",
                "gateway_id": "igw-03f3d6f79b6b2514a",
                "ipv6_cidr_block": "",
                "local_gateway_id": "",
                "nat_gateway_id": "",
                "network_interface_id": "",
                "transit_gateway_id": "",
                "vpc_endpoint_id": "",
                "vpc_peering_connection_id": ""
              }
            ],
            "tags": {
              "Environment": "dev",
              "Name": "madeinworld-dev-public-rt",
              "Project": "madeinworld"
            },
            "tags_all": {
              "Environment": "dev",
              "Name": "madeinworld-dev-public-rt",
              "Project": "madeinworld"
            },
            "timeouts": null,
            "vpc_id": "vpc-0d13e5a52e896d2eb"
          },
          "sensitive_attributes": [],
          "identity_schema_version": 0,
          "private": "eyJlMmJmYjczMC1lY2FhLTExZTYtOGY4OC0zNDM2M2JjN2M0YzAiOnsiY3JlYXRlIjozMDAwMDAwMDAwMDAsImRlbGV0ZSI6MzAwMDAwMDAwMDAwLCJ1cGRhdGUiOjEyMDAwMDAwMDAwMH19",
          "dependencies": [
            "aws_internet_gateway.main",
            "aws_vpc.main"
          ]
        }
      ]
    },
    {
      "mode": "managed",
      "type": "aws_route_table_association",
      "name": "private",
      "provider": "provider[\"registry.terraform.io/hashicorp/aws\"]",
      "instances": [
        {
          "index_key": 0,
          "schema_version": 0,
          "attributes": {
            "gateway_id": "",
            "id": "rtbassoc-0871e0e63fee3b282",
            "route_table_id": "rtb-0b98633c4b3fbc77a",
            "subnet_id": "subnet-090a31fc429976f65",
            "timeouts": null
          },
          "sensitive_attributes": [],
          "identity_schema_version": 0,
          "private": "eyJlMmJmYjczMC1lY2FhLTExZTYtOGY4OC0zNDM2M2JjN2M0YzAiOnsiY3JlYXRlIjozMDAwMDAwMDAwMDAsImRlbGV0ZSI6MzAwMDAwMDAwMDAwLCJ1cGRhdGUiOjEyMDAwMDAwMDAwMH19",
          "dependencies": [
            "aws_eip.nat",
            "aws_internet_gateway.main",
            "aws_nat_gateway.main",
            "aws_route_table.private",
            "aws_subnet.private",
            "aws_subnet.public",
            "aws_vpc.main",
            "data.aws_availability_zones.available"
          ]
        },
        {
          "index_key": 1,
          "schema_version": 0,
          "attributes": {
            "gateway_id": "",
            "id": "rtbassoc-07c48cb1cacaa8f07",
            "route_table_id": "rtb-0341d87f4e0c5cddc",
            "subnet_id": "subnet-03fa44b711a9e4cc1",
            "timeouts": null
          },
          "sensitive_attributes": [],
          "identity_schema_version": 0,
          "private": "eyJlMmJmYjczMC1lY2FhLTExZTYtOGY4OC0zNDM2M2JjN2M0YzAiOnsiY3JlYXRlIjozMDAwMDAwMDAwMDAsImRlbGV0ZSI6MzAwMDAwMDAwMDAwLCJ1cGRhdGUiOjEyMDAwMDAwMDAwMH19",
          "dependencies": [
            "aws_eip.nat",
            "aws_internet_gateway.main",
            "aws_nat_gateway.main",
            "aws_route_table.private",
            "aws_subnet.private",
            "aws_subnet.public",
            "aws_vpc.main",
            "data.aws_availability_zones.available"
          ]
        }
      ]
    },
    {
      "mode": "managed",
      "type": "aws_route_table_association",
      "name": "public",
      "provider": "provider[\"registry.terraform.io/hashicorp/aws\"]",
      "instances": [
        {
          "index_key": 0,
          "schema_version": 0,
          "attributes": {
            "gateway_id": "",
            "id": "rtbassoc-09226700ba213eb6c",
            "route_table_id": "rtb-052fd3715c7f9e2c4",
            "subnet_id": "subnet-0e61f4628779e03a9",
            "timeouts": null
          },
          "sensitive_attributes": [],
          "identity_schema_version": 0,
          "private": "eyJlMmJmYjczMC1lY2FhLTExZTYtOGY4OC0zNDM2M2JjN2M0YzAiOnsiY3JlYXRlIjozMDAwMDAwMDAwMDAsImRlbGV0ZSI6MzAwMDAwMDAwMDAwLCJ1cGRhdGUiOjEyMDAwMDAwMDAwMH19",
          "dependencies": [
            "aws_internet_gateway.main",
            "aws_route_table.public",
            "aws_subnet.public",
            "aws_vpc.main",
            "data.aws_availability_zones.available"
          ]
        },
        {
          "index_key": 1,
          "schema_version": 0,
          "attributes": {
            "gateway_id": "",
            "id": "rtbassoc-0131fe05e6f03a6bb",
            "route_table_id": "rtb-052fd3715c7f9e2c4",
            "subnet_id": "subnet-018d7ed145bbd1452",
            "timeouts": null
          },
          "sensitive_attributes": [],
          "identity_schema_version": 0,
          "private": "eyJlMmJmYjczMC1lY2FhLTExZTYtOGY4OC0zNDM2M2JjN2M0YzAiOnsiY3JlYXRlIjozMDAwMDAwMDAwMDAsImRlbGV0ZSI6MzAwMDAwMDAwMDAwLCJ1cGRhdGUiOjEyMDAwMDAwMDAwMH19",
          "dependencies": [
            "aws_internet_gateway.main",
            "aws_route_table.public",
            "aws_subnet.public",
            "aws_vpc.main",
            "data.aws_availability_zones.available"
          ]
        }
      ]
    },
    {
      "mode": "managed",
      "type": "aws_security_group",
      "name": "eks_cluster",
      "provider": "provider[\"registry.terraform.io/hashicorp/aws\"]",
      "instances": [
        {
          "schema_version": 1,
          "attributes": {
            "arn": "arn:aws:ec2:eu-central-1:834076182408:security-group/sg-0744db0dad59915d3",
            "description": "Managed by Terraform",
            "egress": [
              {
                "cidr_blocks": [
                  "0.0.0.0/0"
                ],
                "description": "",
                "from_port": 0,
                "ipv6_cidr_blocks": [],
                "prefix_list_ids": [],
                "protocol": "-1",
                "security_groups": [],
                "self": false,
                "to_port": 0
              }
            ],
            "id": "sg-0744db0dad59915d3",
            "ingress": [
              {
                "cidr_blocks": [],
                "description": "Allow pods to communicate with the cluster API Server",
                "from_port": 443,
                "ipv6_cidr_blocks": [],
                "prefix_list_ids": [],
                "protocol": "tcp",
                "security_groups": [
                  "sg-0fee77d8fe50f2ccb"
                ],
                "self": false,
                "to_port": 443
              }
            ],
            "name": "madeinworld-dev-eks-cluster-20250623173510520800000005",
            "name_prefix": "madeinworld-dev-eks-cluster-",
            "owner_id": "834076182408",
            "revoke_rules_on_delete": false,
            "tags": {
              "Environment": "dev",
              "Name": "madeinworld-dev-eks-cluster-sg",
              "Project": "madeinworld"
            },
            "tags_all": {
              "Environment": "dev",
              "Name": "madeinworld-dev-eks-cluster-sg",
              "Project": "madeinworld"
            },
            "timeouts": null,
            "vpc_id": "vpc-0d13e5a52e896d2eb"
          },
          "sensitive_attributes": [],
          "identity_schema_version": 0,
          "private": "eyJlMmJmYjczMC1lY2FhLTExZTYtOGY4OC0zNDM2M2JjN2M0YzAiOnsiY3JlYXRlIjo2MDAwMDAwMDAwMDAsImRlbGV0ZSI6OTAwMDAwMDAwMDAwfSwic2NoZW1hX3ZlcnNpb24iOiIxIn0=",
          "dependencies": [
            "aws_vpc.main"
          ]
        }
      ]
    },
    {
      "mode": "managed",
      "type": "aws_security_group",
      "name": "eks_nodes",
      "provider": "provider[\"registry.terraform.io/hashicorp/aws\"]",
      "instances": [
        {
          "schema_version": 1,
          "attributes": {
            "arn": "arn:aws:ec2:eu-central-1:834076182408:security-group/sg-0fee77d8fe50f2ccb",
            "description": "Managed by Terraform",
            "egress": [
              {
                "cidr_blocks": [
                  "0.0.0.0/0"
                ],
                "description": "",
                "from_port": 0,
                "ipv6_cidr_blocks": [],
                "prefix_list_ids": [],
                "protocol": "-1",
                "security_groups": [],
                "self": false,
                "to_port": 0
              }
            ],
            "id": "sg-0fee77d8fe50f2ccb",
            "ingress": [
              {
                "cidr_blocks": [],
                "description": "Allow nodes to communicate with each other",
                "from_port": 0,
                "ipv6_cidr_blocks": [],
                "prefix_list_ids": [],
                "protocol": "tcp",
                "security_groups": [],
                "self": true,
                "to_port": 65535
              },
              {
                "cidr_blocks": [],
                "description": "Allow worker Kubelets and pods to receive communication from the cluster control plane",
                "from_port": 1025,
                "ipv6_cidr_blocks": [],
                "prefix_list_ids": [],
                "protocol": "tcp",
                "security_groups": [
                  "sg-0744db0dad59915d3"
                ],
                "self": false,
                "to_port": 65535
              }
            ],
            "name": "madeinworld-dev-eks-nodes-20250623173521233400000007",
            "name_prefix": "madeinworld-dev-eks-nodes-",
            "owner_id": "834076182408",
            "revoke_rules_on_delete": false,
            "tags": {
              "Environment": "dev",
              "Name": "madeinworld-dev-eks-nodes-sg",
              "Project": "madeinworld"
            },
            "tags_all": {
              "Environment": "dev",
              "Name": "madeinworld-dev-eks-nodes-sg",
              "Project": "madeinworld"
            },
            "timeouts": null,
            "vpc_id": "vpc-0d13e5a52e896d2eb"
          },
          "sensitive_attributes": [],
          "identity_schema_version": 0,
          "private": "eyJlMmJmYjczMC1lY2FhLTExZTYtOGY4OC0zNDM2M2JjN2M0YzAiOnsiY3JlYXRlIjo2MDAwMDAwMDAwMDAsImRlbGV0ZSI6OTAwMDAwMDAwMDAwfSwic2NoZW1hX3ZlcnNpb24iOiIxIn0=",
          "dependencies": [
            "aws_security_group.eks_cluster",
            "aws_vpc.main"
          ]
        }
      ]
    },
    {
      "mode": "managed",
      "type": "aws_security_group",
      "name": "rds",
      "provider": "provider[\"registry.terraform.io/hashicorp/aws\"]",
      "instances": [
        {
          "schema_version": 1,
          "attributes": {
            "arn": "arn:aws:ec2:eu-central-1:834076182408:security-group/sg-00db9116a81f583ea",
            "description": "Managed by Terraform",
            "egress": [
              {
                "cidr_blocks": [
                  "0.0.0.0/0"
                ],
                "description": "",
                "from_port": 0,
                "ipv6_cidr_blocks": [],
                "prefix_list_ids": [],
                "protocol": "-1",
                "security_groups": [],
                "self": false,
                "to_port": 0
              }
            ],
            "id": "sg-00db9116a81f583ea",
            "ingress": [
              {
                "cidr_blocks": [],
                "description": "PostgreSQL from EKS nodes",
                "from_port": 5432,
                "ipv6_cidr_blocks": [],
                "prefix_list_ids": [],
                "protocol": "tcp",
                "security_groups": [
                  "sg-0fee77d8fe50f2ccb"
                ],
                "self": false,
                "to_port": 5432
              }
            ],
            "name": "madeinworld-dev-rds-2025062317352892510000000a",
            "name_prefix": "madeinworld-dev-rds-",
            "owner_id": "834076182408",
            "revoke_rules_on_delete": false,
            "tags": {
              "Environment": "dev",
              "Name": "madeinworld-dev-rds-sg",
              "Project": "madeinworld"
            },
            "tags_all": {
              "Environment": "dev",
              "Name": "madeinworld-dev-rds-sg",
              "Project": "madeinworld"
            },
            "timeouts": null,
            "vpc_id": "vpc-0d13e5a52e896d2eb"
          },
          "sensitive_attributes": [],
          "identity_schema_version": 0,
          "private": "eyJlMmJmYjczMC1lY2FhLTExZTYtOGY4OC0zNDM2M2JjN2M0YzAiOnsiY3JlYXRlIjo2MDAwMDAwMDAwMDAsImRlbGV0ZSI6OTAwMDAwMDAwMDAwfSwic2NoZW1hX3ZlcnNpb24iOiIxIn0=",
          "dependencies": [
            "aws_security_group.eks_cluster",
            "aws_security_group.eks_nodes",
            "aws_vpc.main"
          ]
        }
      ]
    },
    {
      "mode": "managed",
      "type": "aws_security_group_rule",
      "name": "eks_cluster_ingress_node_https",
      "provider": "provider[\"registry.terraform.io/hashicorp/aws\"]",
      "instances": [
        {
          "schema_version": 2,
          "attributes": {
            "cidr_blocks": null,
            "description": "Allow pods to communicate with the cluster API Server",
            "from_port": 443,
            "id": "sgrule-4203465495",
            "ipv6_cidr_blocks": null,
            "prefix_list_ids": null,
            "protocol": "tcp",
            "security_group_id": "sg-0744db0dad59915d3",
            "security_group_rule_id": "sgr-0c331d94304196fec",
            "self": false,
            "source_security_group_id": "sg-0fee77d8fe50f2ccb",
            "timeouts": null,
            "to_port": 443,
            "type": "ingress"
          },
          "sensitive_attributes": [],
          "identity_schema_version": 0,
          "private": "eyJlMmJmYjczMC1lY2FhLTExZTYtOGY4OC0zNDM2M2JjN2M0YzAiOnsiY3JlYXRlIjozMDAwMDAwMDAwMDB9LCJzY2hlbWFfdmVyc2lvbiI6IjIifQ==",
          "dependencies": [
            "aws_security_group.eks_cluster",
            "aws_security_group.eks_nodes",
            "aws_vpc.main"
          ]
        }
      ]
    },
    {
      "mode": "managed",
      "type": "aws_subnet",
      "name": "private",
      "provider": "provider[\"registry.terraform.io/hashicorp/aws\"]",
      "instances": [
        {
          "index_key": 0,
          "schema_version": 1,
          "attributes": {
            "arn": "arn:aws:ec2:eu-central-1:834076182408:subnet/subnet-090a31fc429976f65",
            "assign_ipv6_address_on_creation": false,
            "availability_zone": "eu-central-1a",
            "availability_zone_id": "euc1-az2",
            "cidr_block": "10.0.10.0/24",
            "customer_owned_ipv4_pool": "",
            "enable_dns64": false,
            "enable_lni_at_device_index": 0,
            "enable_resource_name_dns_a_record_on_launch": false,
            "enable_resource_name_dns_aaaa_record_on_launch": false,
            "id": "subnet-090a31fc429976f65",
            "ipv6_cidr_block": "",
            "ipv6_cidr_block_association_id": "",
            "ipv6_native": false,
            "map_customer_owned_ip_on_launch": false,
            "map_public_ip_on_launch": false,
            "outpost_arn": "",
            "owner_id": "834076182408",
            "private_dns_hostname_type_on_launch": "ip-name",
            "tags": {
              "Environment": "dev",
              "Name": "madeinworld-dev-private-subnet-1",
              "Project": "madeinworld",
              "Type": "Private"
            },
            "tags_all": {
              "Environment": "dev",
              "Name": "madeinworld-dev-private-subnet-1",
              "Project": "madeinworld",
              "Type": "Private"
            },
            "timeouts": null,
            "vpc_id": "vpc-0d13e5a52e896d2eb"
          },
          "sensitive_attributes": [],
          "identity_schema_version": 0,
          "private": "eyJlMmJmYjczMC1lY2FhLTExZTYtOGY4OC0zNDM2M2JjN2M0YzAiOnsiY3JlYXRlIjo2MDAwMDAwMDAwMDAsImRlbGV0ZSI6MTIwMDAwMDAwMDAwMH0sInNjaGVtYV92ZXJzaW9uIjoiMSJ9",
          "dependencies": [
            "aws_vpc.main",
            "data.aws_availability_zones.available"
          ]
        },
        {
          "index_key": 1,
          "schema_version": 1,
          "attributes": {
            "arn": "arn:aws:ec2:eu-central-1:834076182408:subnet/subnet-03fa44b711a9e4cc1",
            "assign_ipv6_address_on_creation": false,
            "availability_zone": "eu-central-1b",
            "availability_zone_id": "euc1-az3",
            "cidr_block": "10.0.20.0/24",
            "customer_owned_ipv4_pool": "",
            "enable_dns64": false,
            "enable_lni_at_device_index": 0,
            "enable_resource_name_dns_a_record_on_launch": false,
            "enable_resource_name_dns_aaaa_record_on_launch": false,
            "id": "subnet-03fa44b711a9e4cc1",
            "ipv6_cidr_block": "",
            "ipv6_cidr_block_association_id": "",
            "ipv6_native": false,
            "map_customer_owned_ip_on_launch": false,
            "map_public_ip_on_launch": false,
            "outpost_arn": "",
            "owner_id": "834076182408",
            "private_dns_hostname_type_on_launch": "ip-name",
            "tags": {
              "Environment": "dev",
              "Name": "madeinworld-dev-private-subnet-2",
              "Project": "madeinworld",
              "Type": "Private"
            },
            "tags_all": {
              "Environment": "dev",
              "Name": "madeinworld-dev-private-subnet-2",
              "Project": "madeinworld",
              "Type": "Private"
            },
            "timeouts": null,
            "vpc_id": "vpc-0d13e5a52e896d2eb"
          },
          "sensitive_attributes": [],
          "identity_schema_version": 0,
          "private": "eyJlMmJmYjczMC1lY2FhLTExZTYtOGY4OC0zNDM2M2JjN2M0YzAiOnsiY3JlYXRlIjo2MDAwMDAwMDAwMDAsImRlbGV0ZSI6MTIwMDAwMDAwMDAwMH0sInNjaGVtYV92ZXJzaW9uIjoiMSJ9",
          "dependencies": [
            "aws_vpc.main",
            "data.aws_availability_zones.available"
          ]
        }
      ]
    },
    {
      "mode": "managed",
      "type": "aws_subnet",
      "name": "public",
      "provider": "provider[\"registry.terraform.io/hashicorp/aws\"]",
      "instances": [
        {
          "index_key": 0,
          "schema_version": 1,
          "attributes": {
            "arn": "arn:aws:ec2:eu-central-1:834076182408:subnet/subnet-0e61f4628779e03a9",
            "assign_ipv6_address_on_creation": false,
            "availability_zone": "eu-central-1a",
            "availability_zone_id": "euc1-az2",
            "cidr_block": "10.0.1.0/24",
            "customer_owned_ipv4_pool": "",
            "enable_dns64": false,
            "enable_lni_at_device_index": 0,
            "enable_resource_name_dns_a_record_on_launch": false,
            "enable_resource_name_dns_aaaa_record_on_launch": false,
            "id": "subnet-0e61f4628779e03a9",
            "ipv6_cidr_block": "",
            "ipv6_cidr_block_association_id": "",
            "ipv6_native": false,
            "map_customer_owned_ip_on_launch": false,
            "map_public_ip_on_launch": true,
            "outpost_arn": "",
            "owner_id": "834076182408",
            "private_dns_hostname_type_on_launch": "ip-name",
            "tags": {
              "Environment": "dev",
              "Name": "madeinworld-dev-public-subnet-1",
              "Project": "madeinworld",
              "Type": "Public"
            },
            "tags_all": {
              "Environment": "dev",
              "Name": "madeinworld-dev-public-subnet-1",
              "Project": "madeinworld",
              "Type": "Public"
            },
            "timeouts": null,
            "vpc_id": "vpc-0d13e5a52e896d2eb"
          },
          "sensitive_attributes": [],
          "identity_schema_version": 0,
          "private": "eyJlMmJmYjczMC1lY2FhLTExZTYtOGY4OC0zNDM2M2JjN2M0YzAiOnsiY3JlYXRlIjo2MDAwMDAwMDAwMDAsImRlbGV0ZSI6MTIwMDAwMDAwMDAwMH0sInNjaGVtYV92ZXJzaW9uIjoiMSJ9",
          "dependencies": [
            "aws_vpc.main",
            "data.aws_availability_zones.available"
          ]
        },
        {
          "index_key": 1,
          "schema_version": 1,
          "attributes": {
            "arn": "arn:aws:ec2:eu-central-1:834076182408:subnet/subnet-018d7ed145bbd1452",
            "assign_ipv6_address_on_creation": false,
            "availability_zone": "eu-central-1b",
            "availability_zone_id": "euc1-az3",
            "cidr_block": "10.0.2.0/24",
            "customer_owned_ipv4_pool": "",
            "enable_dns64": false,
            "enable_lni_at_device_index": 0,
            "enable_resource_name_dns_a_record_on_launch": false,
            "enable_resource_name_dns_aaaa_record_on_launch": false,
            "id": "subnet-018d7ed145bbd1452",
            "ipv6_cidr_block": "",
            "ipv6_cidr_block_association_id": "",
            "ipv6_native": false,
            "map_customer_owned_ip_on_launch": false,
            "map_public_ip_on_launch": true,
            "outpost_arn": "",
            "owner_id": "834076182408",
            "private_dns_hostname_type_on_launch": "ip-name",
            "tags": {
              "Environment": "dev",
              "Name": "madeinworld-dev-public-subnet-2",
              "Project": "madeinworld",
              "Type": "Public"
            },
            "tags_all": {
              "Environment": "dev",
              "Name": "madeinworld-dev-public-subnet-2",
              "Project": "madeinworld",
              "Type": "Public"
            },
            "timeouts": null,
            "vpc_id": "vpc-0d13e5a52e896d2eb"
          },
          "sensitive_attributes": [],
          "identity_schema_version": 0,
          "private": "eyJlMmJmYjczMC1lY2FhLTExZTYtOGY4OC0zNDM2M2JjN2M0YzAiOnsiY3JlYXRlIjo2MDAwMDAwMDAwMDAsImRlbGV0ZSI6MTIwMDAwMDAwMDAwMH0sInNjaGVtYV92ZXJzaW9uIjoiMSJ9",
          "dependencies": [
            "aws_vpc.main",
            "data.aws_availability_zones.available"
          ]
        }
      ]
    },
    {
      "mode": "managed",
      "type": "aws_vpc",
      "name": "main",
      "provider": "provider[\"registry.terraform.io/hashicorp/aws\"]",
      "instances": [
        {
          "schema_version": 1,
          "attributes": {
            "arn": "arn:aws:ec2:eu-central-1:834076182408:vpc/vpc-0d13e5a52e896d2eb",
            "assign_generated_ipv6_cidr_block": false,
            "cidr_block": "10.0.0.0/16",
            "default_network_acl_id": "acl-0e7b1dcfbf615106d",
            "default_route_table_id": "rtb-0b867bc69920e9a55",
            "default_security_group_id": "sg-03551f0c857b93d14",
            "dhcp_options_id": "dopt-077636f2a0263ae4f",
            "enable_dns_hostnames": true,
            "enable_dns_support": true,
            "enable_network_address_usage_metrics": false,
            "id": "vpc-0d13e5a52e896d2eb",
            "instance_tenancy": "default",
            "ipv4_ipam_pool_id": null,
            "ipv4_netmask_length": null,
            "ipv6_association_id": "",
            "ipv6_cidr_block": "",
            "ipv6_cidr_block_network_border_group": "",
            "ipv6_ipam_pool_id": "",
            "ipv6_netmask_length": 0,
            "main_route_table_id": "rtb-0b867bc69920e9a55",
            "owner_id": "834076182408",
            "tags": {
              "Environment": "dev",
              "Name": "madeinworld-dev-vpc",
              "Project": "madeinworld"
            },
            "tags_all": {
              "Environment": "dev",
              "Name": "madeinworld-dev-vpc",
              "Project": "madeinworld"
            }
          },
          "sensitive_attributes": [],
          "identity_schema_version": 0,
          "private": "eyJzY2hlbWFfdmVyc2lvbiI6IjEifQ=="
        }
      ]
    }
  ],
  "check_results": null
}
